
Microsoft Visual Studio Solution File, Format Version 12.00
# Visual Studio Version 16
VisualStudioVersion = 16.0.30114.105
MinimumVisualStudioVersion = 10.0.40219.1
Project("{9A19103F-16F7-4668-BE54-9A1E7A4F7556}") = "R5T.O0002", "R5T.O0002\R5T.O0002.csproj", "{A8A9830E-76E0-46C0-8FCF-63A1152670BB}"
EndProject
Project("{2150E333-8FDC-42A3-9474-1A3956D46DE8}") = "_Dependencies", "_Dependencies", "{9A5CA96E-4812-45C8-8567-4E6E7727483C}"
EndProject
Project("{9A19103F-16F7-4668-BE54-9A1E7A4F7556}") = "R5T.T0020", "..\..\R5T.T0020\source\R5T.T0020\R5T.T0020.csproj", "{81BD60D5-0A12-40A5-8F74-2B76CA542BF0}"
EndProject
Project("{9A19103F-16F7-4668-BE54-9A1E7A4F7556}") = "R5T.X0002", "..\..\R5T.X0002\source\R5T.X0002\R5T.X0002.csproj", "{2F37E804-1093-4452-BEC1-5233CA3C23E7}"
EndProject
Project("{9A19103F-16F7-4668-BE54-9A1E7A4F7556}") = "R5T.T0062.X001", "..\..\R5T.T0062\source\R5T.T0062.X001\R5T.T0062.X001.csproj", "{ABC2057A-1912-4AAF-9851-E945F20E0E64}"
EndProject
Project("{9A19103F-16F7-4668-BE54-9A1E7A4F7556}") = "R5T.Dacia", "..\..\R5T.Dacia\source\R5T.Dacia\R5T.Dacia.csproj", "{98C40893-4E4E-429C-81C1-C63775B716D2}"
EndProject
Project("{9A19103F-16F7-4668-BE54-9A1E7A4F7556}") = "R5T.T0063", "..\..\R5T.T0063\source\R5T.T0063\R5T.T0063.csproj", "{055C02A4-C084-42FB-A544-CC209E9127D3}"
EndProject
Project("{9A19103F-16F7-4668-BE54-9A1E7A4F7556}") = "R5T.L0013", "..\..\R5T.L0013\source\R5T.L0013\R5T.L0013.csproj", "{BD279129-723D-4739-AD35-2797E0038B34}"
EndProject
Project("{9A19103F-16F7-4668-BE54-9A1E7A4F7556}") = "R5T.T0062", "..\..\R5T.T0062\source\R5T.T0062\R5T.T0062.csproj", "{C5BFA51F-7F0B-47F5-8D55-50BE983AA66A}"
EndProject
Project("{9A19103F-16F7-4668-BE54-9A1E7A4F7556}") = "R5T.T0039.T002", "..\..\R5T.T0039\source\R5T.T0039.T002\R5T.T0039.T002.csproj", "{DFE750A6-6549-4721-8BCF-ED25A9C9E169}"
EndProject
Project("{9A19103F-16F7-4668-BE54-9A1E7A4F7556}") = "R5T.D0078.X0001", "..\..\R5T.D0078.X0001\source\R5T.D0078.X0001\R5T.D0078.X0001.csproj", "{EA9E1B01-8A72-42E6-9D8C-D5661ABC766A}"
EndProject
Project("{9A19103F-16F7-4668-BE54-9A1E7A4F7556}") = "R5T.D0078.Base", "..\..\R5T.D0078\source\R5T.D0078.Base\R5T.D0078.Base.csproj", "{6A93A5BE-1BE0-437B-BADE-F9346B65D4CF}"
EndProject
Project("{9A19103F-16F7-4668-BE54-9A1E7A4F7556}") = "R5T.Magyar", "..\..\R5T.Magyar\source\R5T.Magyar\R5T.Magyar.csproj", "{40CB424F-1AF2-4FB9-94A0-7CA8439179EF}"
EndProject
Project("{9A19103F-16F7-4668-BE54-9A1E7A4F7556}") = "R5T.Lombardy.Base", "..\..\R5T.Lombardy.Base\source\R5T.Lombardy.Base\R5T.Lombardy.Base.csproj", "{28900C09-F52E-4354-BCAB-B4672CA5D837}"
EndProject
Project("{9A19103F-16F7-4668-BE54-9A1E7A4F7556}") = "R5T.T0064", "..\..\R5T.T0064\source\R5T.T0064\R5T.T0064.csproj", "{8EE1E09D-78A7-4A0C-8E04-81340AC9744E}"
EndProject
Project("{9A19103F-16F7-4668-BE54-9A1E7A4F7556}") = "R5T.T0040.X0001", "..\..\R5T.T0040.X0001\source\R5T.T0040.X0001\R5T.T0040.X0001.csproj", "{7AF6F6C8-F08F-466D-BAC9-A1457A05455C}"
EndProject
Project("{9A19103F-16F7-4668-BE54-9A1E7A4F7556}") = "R5T.D0078.T0032", "..\..\R5T.D0078\source\R5T.D0078.T0032\R5T.D0078.T0032.csproj", "{28AF70F8-3C70-4C10-8D82-D7AE0D3A33FD}"
EndProject
Project("{9A19103F-16F7-4668-BE54-9A1E7A4F7556}") = "R5T.T0032", "..\..\R5T.T0032\source\R5T.T0032\R5T.T0032.csproj", "{AAD56CF1-C0A5-47AB-B928-5A7ED05B78EF}"
EndProject
Project("{9A19103F-16F7-4668-BE54-9A1E7A4F7556}") = "R5T.T0021.X0001", "..\..\R5T.T0021.X0001\source\R5T.T0021.X0001\R5T.T0021.X0001.csproj", "{BB22E355-0035-4A35-9FB4-6E816815A307}"
EndProject
Project("{9A19103F-16F7-4668-BE54-9A1E7A4F7556}") = "R5T.T0021", "..\..\R5T.T0021\source\R5T.T0021\R5T.T0021.csproj", "{A0204DCA-DE05-4324-A6BD-812262C5AEA2}"
EndProject
Project("{9A19103F-16F7-4668-BE54-9A1E7A4F7556}") = "R5T.T0021.X002", "..\..\R5T.T0021\source\R5T.T0021.X002\R5T.T0021.X002.csproj", "{E9336EA2-2BC9-4827-865F-798077868D28}"
EndProject
Project("{9A19103F-16F7-4668-BE54-9A1E7A4F7556}") = "R5T.T0037.X001", "..\..\R5T.T0037\source\R5T.T0037.X001\R5T.T0037.X001.csproj", "{CD0A9FCF-5190-42C4-83EE-0BC48484C2FE}"
EndProject
Project("{9A19103F-16F7-4668-BE54-9A1E7A4F7556}") = "R5T.T0037", "..\..\R5T.T0037\source\R5T.T0037\R5T.T0037.csproj", "{B12D8337-3171-4085-99F5-419E016EE283}"
EndProject
Project("{9A19103F-16F7-4668-BE54-9A1E7A4F7556}") = "R5T.T0037.X002", "..\..\R5T.T0037\source\R5T.T0037.X002\R5T.T0037.X002.csproj", "{708CC02E-6BDF-4767-BE19-6889AD10317F}"
EndProject
Project("{9A19103F-16F7-4668-BE54-9A1E7A4F7556}") = "R5T.T0040.X001", "..\..\R5T.T0040\source\R5T.T0040.X001\R5T.T0040.X001.csproj", "{4BB7B0F2-76EF-430A-90E1-2C3BE0ABB9B5}"
EndProject
Project("{9A19103F-16F7-4668-BE54-9A1E7A4F7556}") = "R5T.T0041.X002", "..\..\R5T.T0041\source\R5T.T0041.X002\R5T.T0041.X002.csproj", "{228EAE1D-5DF0-4E0D-A3B0-600E10FD5F62}"
EndProject
Project("{9A19103F-16F7-4668-BE54-9A1E7A4F7556}") = "R5T.Magyar.T002.X000", "..\..\R5T.Magyar\source\R5T.Magyar.T002.X000\R5T.Magyar.T002.X000.csproj", "{25ED4376-6659-47F0-B4CE-D6EFEE554FA4}"
EndProject
Project("{9A19103F-16F7-4668-BE54-9A1E7A4F7556}") = "R5T.Magyar.T002", "..\..\R5T.Magyar\source\R5T.Magyar.T002\R5T.Magyar.T002.csproj", "{D5A84FB7-B4DB-4EBD-A49C-715818DAE48E}"
EndProject
Project("{9A19103F-16F7-4668-BE54-9A1E7A4F7556}") = "R5T.T0021.X003", "..\..\R5T.T0021\source\R5T.T0021.X003\R5T.T0021.X003.csproj", "{BB9C9260-462A-4767-AF4B-0D6877D910CC}"
EndProject
Project("{9A19103F-16F7-4668-BE54-9A1E7A4F7556}") = "R5T.T0042.X001", "..\..\R5T.T0042\source\R5T.T0042.X001\R5T.T0042.X001.csproj", "{F9D7AB63-E57D-4925-9C68-2A6C43811032}"
EndProject
Project("{9A19103F-16F7-4668-BE54-9A1E7A4F7556}") = "R5T.T0042", "..\..\R5T.T0042\source\R5T.T0042\R5T.T0042.csproj", "{37460B46-029E-4CCB-9F13-F2B39932EFE1}"
EndProject
Project("{9A19103F-16F7-4668-BE54-9A1E7A4F7556}") = "R5T.T0041.X001", "..\..\R5T.T0041\source\R5T.T0041.X001\R5T.T0041.X001.csproj", "{F80AC33C-F82C-4055-B673-06B1A1B6130D}"
EndProject
Project("{9A19103F-16F7-4668-BE54-9A1E7A4F7556}") = "R5T.T0041", "..\..\R5T.T0041\source\R5T.T0041\R5T.T0041.csproj", "{964CAC62-15EB-4C92-8D70-58E152422DFE}"
EndProject
Project("{9A19103F-16F7-4668-BE54-9A1E7A4F7556}") = "R5T.T0040", "..\..\R5T.T0040\source\R5T.T0040\R5T.T0040.csproj", "{740A496A-8346-4BE9-8B7D-135A3D43158C}"
EndProject
Project("{9A19103F-16F7-4668-BE54-9A1E7A4F7556}") = "R5T.T0044.X001", "..\..\R5T.T0044\source\R5T.T0044.X001\R5T.T0044.X001.csproj", "{09E95973-97E7-4CF0-8C33-0550D5781565}"
EndProject
Project("{9A19103F-16F7-4668-BE54-9A1E7A4F7556}") = "R5T.T0044", "..\..\R5T.T0044\source\R5T.T0044\R5T.T0044.csproj", "{18E895E9-6D60-4ED8-BBF1-0C25ABCCACF4}"
EndProject
Project("{9A19103F-16F7-4668-BE54-9A1E7A4F7556}") = "R5T.T0059.X001", "..\..\R5T.T0059\source\R5T.T0059.X001\R5T.T0059.X001.csproj", "{2EC4DD0C-6409-4F1F-9337-1FB99D54F054}"
EndProject
Project("{9A19103F-16F7-4668-BE54-9A1E7A4F7556}") = "R5T.T0059", "..\..\R5T.T0059\source\R5T.T0059\R5T.T0059.csproj", "{C719D15D-3DEE-442D-96C4-66379B8CF4FA}"
EndProject
Project("{9A19103F-16F7-4668-BE54-9A1E7A4F7556}") = "R5T.T0114", "..\..\R5T.T0114\source\R5T.T0114\R5T.T0114.csproj", "{AC1F043D-C834-4205-A185-85A1D3B1C6A6}"
EndProject
Project("{9A19103F-16F7-4668-BE54-9A1E7A4F7556}") = "R5T.T0122", "..\..\R5T.T0122\source\R5T.T0122\R5T.T0122.csproj", "{CF93E77C-65F3-40C4-9034-5F6E524BE5BC}"
EndProject
Project("{9A19103F-16F7-4668-BE54-9A1E7A4F7556}") = "R5T.T0092", "..\..\R5T.T0092\source\R5T.T0092\R5T.T0092.csproj", "{14401C82-D574-4081-9402-D2D6221B4225}"
EndProject
Project("{9A19103F-16F7-4668-BE54-9A1E7A4F7556}") = "R5T.T0093", "..\..\R5T.T0093\source\R5T.T0093\R5T.T0093.csproj", "{1EE7E2F3-CC2A-4ED1-9006-6001F01D1615}"
EndProject
Project("{9A19103F-16F7-4668-BE54-9A1E7A4F7556}") = "R5T.D0079.Base", "..\..\R5T.D0079\source\R5T.D0079.Base\R5T.D0079.Base.csproj", "{8D98EF4F-9FB7-400E-B5A8-01BB9BB72AE2}"
EndProject
Project("{9A19103F-16F7-4668-BE54-9A1E7A4F7556}") = "R5T.T0029.Dotnet.T001", "..\..\R5T.T0029.Dotnet\source\R5T.T0029.Dotnet.T001\R5T.T0029.Dotnet.T001.csproj", "{355D05D5-CFFD-4ECF-94DB-7AEDFA5078DD}"
EndProject
Project("{9A19103F-16F7-4668-BE54-9A1E7A4F7556}") = "R5T.D0083.X001", "..\..\R5T.D0083\source\R5T.D0083.X001\R5T.D0083.X001.csproj", "{B27C7156-0794-473E-9EEA-C79DD72D7A36}"
EndProject
Project("{9A19103F-16F7-4668-BE54-9A1E7A4F7556}") = "R5T.D0083.Base", "..\..\R5T.D0083\source\R5T.D0083.Base\R5T.D0083.Base.csproj", "{8F344BA4-521A-4165-85DA-BFE050848470}"
EndProject
Project("{9A19103F-16F7-4668-BE54-9A1E7A4F7556}") = "R5T.Dacia.T002", "..\..\R5T.Dacia\source\R5T.Dacia.T002\R5T.Dacia.T002.csproj", "{80C6EE41-8AEC-4681-9E3C-053356C95F1E}"
EndProject
Project("{9A19103F-16F7-4668-BE54-9A1E7A4F7556}") = "R5T.D0101.X001", "..\..\R5T.D0101\source\R5T.D0101.X001\R5T.D0101.X001.csproj", "{86B70B8A-A777-47D3-9CC5-F8E0D256C104}"
EndProject
Project("{9A19103F-16F7-4668-BE54-9A1E7A4F7556}") = "R5T.T0092.X001", "..\..\R5T.T0092\source\R5T.T0092.X001\R5T.T0092.X001.csproj", "{77890A87-9556-4DE0-8F1C-6C40E6C92747}"
EndProject
Project("{9A19103F-16F7-4668-BE54-9A1E7A4F7556}") = "R5T.T0055.X001", "..\..\R5T.T0055\source\R5T.T0055.X001\R5T.T0055.X001.csproj", "{9D57917D-6075-43E4-AB4F-A0292F42A740}"
EndProject
Project("{9A19103F-16F7-4668-BE54-9A1E7A4F7556}") = "R5T.T0055", "..\..\R5T.T0055\source\R5T.T0055\R5T.T0055.csproj", "{B438CE5C-1AC8-4210-968E-FF507991DA09}"
EndProject
Project("{9A19103F-16F7-4668-BE54-9A1E7A4F7556}") = "R5T.T0060", "..\..\R5T.T0060\source\R5T.T0060\R5T.T0060.csproj", "{BB1A22FF-C62D-4045-9C3C-0E8BA0E822AC}"
EndProject
Project("{9A19103F-16F7-4668-BE54-9A1E7A4F7556}") = "R5T.T0098", "..\..\R5T.T0098\source\R5T.T0098\R5T.T0098.csproj", "{48C2D441-004B-4F2A-99CB-279BC4A2969D}"
EndProject
Project("{9A19103F-16F7-4668-BE54-9A1E7A4F7556}") = "R5T.T0093.X001", "..\..\R5T.T0093\source\R5T.T0093.X001\R5T.T0093.X001.csproj", "{B1678CD1-9AF9-4476-9367-29901D0C730D}"
EndProject
Project("{9A19103F-16F7-4668-BE54-9A1E7A4F7556}") = "R5T.D0101.Base", "..\..\R5T.D0101\source\R5T.D0101.Base\R5T.D0101.Base.csproj", "{86BCA213-2F56-45F1-8F6F-0C91CBD80CB9}"
EndProject
Project("{9A19103F-16F7-4668-BE54-9A1E7A4F7556}") = "R5T.T0097", "..\..\R5T.T0097\source\R5T.T0097\R5T.T0097.csproj", "{CFD54319-A96B-45EA-9E3A-A3E47B706DD1}"
EndProject
Project("{9A19103F-16F7-4668-BE54-9A1E7A4F7556}") = "R5T.T0094", "..\..\R5T.T0094\source\R5T.T0094\R5T.T0094.csproj", "{56B0F4FC-7120-4451-B8C5-22F1D0F61E95}"
EndProject
Project("{9A19103F-16F7-4668-BE54-9A1E7A4F7556}") = "R5T.T0096.X001", "..\..\R5T.T0096\source\R5T.T0096.X001\R5T.T0096.X001.csproj", "{4E30F083-DBA8-4E9B-9FAF-99EFF0755C73}"
EndProject
Project("{9A19103F-16F7-4668-BE54-9A1E7A4F7556}") = "R5T.T0096", "..\..\R5T.T0096\source\R5T.T0096\R5T.T0096.csproj", "{10CFF7F7-9492-450C-A4A1-75A4CBC50034}"
EndProject
Project("{9A19103F-16F7-4668-BE54-9A1E7A4F7556}") = "R5T.T0044.X0001", "..\..\R5T.T0044.X0001\source\R5T.T0044.X0001\R5T.T0044.X0001.csproj", "{D5549B35-EB37-4F5D-BC17-526C205025E7}"
EndProject
Project("{9A19103F-16F7-4668-BE54-9A1E7A4F7556}") = "R5T.T0124.X0001", "..\..\R5T.T0124.X0001\source\R5T.T0124.X0001\R5T.T0124.X0001.csproj", "{E6E8C7B3-BB8C-446C-8EF8-C2A2FCA13375}"
EndProject
Project("{9A19103F-16F7-4668-BE54-9A1E7A4F7556}") = "R5T.T0032.X0001.X002", "..\..\R5T.T0032.X0001\source\R5T.T0032.X0001.X002\R5T.T0032.X0001.X002.csproj", "{ABF2DCF4-2CCD-4DCC-9486-2BFBB0C34A33}"
EndProject
Project("{9A19103F-16F7-4668-BE54-9A1E7A4F7556}") = "R5T.T0124.X001", "..\..\R5T.T0124\source\R5T.T0124.X001\R5T.T0124.X001.csproj", "{3B2856EE-C527-4B2D-A3A7-714134A27A83}"
EndProject
Project("{9A19103F-16F7-4668-BE54-9A1E7A4F7556}") = "R5T.T0124", "..\..\R5T.T0124\source\R5T.T0124\R5T.T0124.csproj", "{676F90AA-76C1-4C43-B9AA-3E529C8C1299}"
EndProject
Project("{9A19103F-16F7-4668-BE54-9A1E7A4F7556}") = "R5T.T0113.X001", "..\..\R5T.T0113\source\R5T.T0113.X001\R5T.T0113.X001.csproj", "{D9B47B42-FB18-4258-B7C6-CAB4101036FE}"
EndProject
Project("{9A19103F-16F7-4668-BE54-9A1E7A4F7556}") = "R5T.T0113", "..\..\R5T.T0113\source\R5T.T0113\R5T.T0113.csproj", "{33343D6D-D1B5-4924-85DA-18D86A6BAECC}"
EndProject
Project("{9A19103F-16F7-4668-BE54-9A1E7A4F7556}") = "R5T.T0113.X002", "..\..\R5T.T0113\source\R5T.T0113.X002\R5T.T0113.X002.csproj", "{CBD88630-4F73-4114-BFA8-51357A32B7CA}"
EndProject
Global
	GlobalSection(SolutionConfigurationPlatforms) = preSolution
		Debug|Any CPU = Debug|Any CPU
		Debug|x64 = Debug|x64
		Debug|x86 = Debug|x86
		Release|Any CPU = Release|Any CPU
		Release|x64 = Release|x64
		Release|x86 = Release|x86
	EndGlobalSection
	GlobalSection(ProjectConfigurationPlatforms) = postSolution
		{A8A9830E-76E0-46C0-8FCF-63A1152670BB}.Debug|Any CPU.ActiveCfg = Debug|Any CPU
		{A8A9830E-76E0-46C0-8FCF-63A1152670BB}.Debug|Any CPU.Build.0 = Debug|Any CPU
		{A8A9830E-76E0-46C0-8FCF-63A1152670BB}.Debug|x64.ActiveCfg = Debug|Any CPU
		{A8A9830E-76E0-46C0-8FCF-63A1152670BB}.Debug|x64.Build.0 = Debug|Any CPU
		{A8A9830E-76E0-46C0-8FCF-63A1152670BB}.Debug|x86.ActiveCfg = Debug|Any CPU
		{A8A9830E-76E0-46C0-8FCF-63A1152670BB}.Debug|x86.Build.0 = Debug|Any CPU
		{A8A9830E-76E0-46C0-8FCF-63A1152670BB}.Release|Any CPU.ActiveCfg = Release|Any CPU
		{A8A9830E-76E0-46C0-8FCF-63A1152670BB}.Release|Any CPU.Build.0 = Release|Any CPU
		{A8A9830E-76E0-46C0-8FCF-63A1152670BB}.Release|x64.ActiveCfg = Release|Any CPU
		{A8A9830E-76E0-46C0-8FCF-63A1152670BB}.Release|x64.Build.0 = Release|Any CPU
		{A8A9830E-76E0-46C0-8FCF-63A1152670BB}.Release|x86.ActiveCfg = Release|Any CPU
		{A8A9830E-76E0-46C0-8FCF-63A1152670BB}.Release|x86.Build.0 = Release|Any CPU
		{81BD60D5-0A12-40A5-8F74-2B76CA542BF0}.Debug|Any CPU.ActiveCfg = Debug|Any CPU
		{81BD60D5-0A12-40A5-8F74-2B76CA542BF0}.Debug|Any CPU.Build.0 = Debug|Any CPU
		{81BD60D5-0A12-40A5-8F74-2B76CA542BF0}.Debug|x64.ActiveCfg = Debug|Any CPU
		{81BD60D5-0A12-40A5-8F74-2B76CA542BF0}.Debug|x64.Build.0 = Debug|Any CPU
		{81BD60D5-0A12-40A5-8F74-2B76CA542BF0}.Debug|x86.ActiveCfg = Debug|Any CPU
		{81BD60D5-0A12-40A5-8F74-2B76CA542BF0}.Debug|x86.Build.0 = Debug|Any CPU
		{81BD60D5-0A12-40A5-8F74-2B76CA542BF0}.Release|Any CPU.ActiveCfg = Release|Any CPU
		{81BD60D5-0A12-40A5-8F74-2B76CA542BF0}.Release|Any CPU.Build.0 = Release|Any CPU
		{81BD60D5-0A12-40A5-8F74-2B76CA542BF0}.Release|x64.ActiveCfg = Release|Any CPU
		{81BD60D5-0A12-40A5-8F74-2B76CA542BF0}.Release|x64.Build.0 = Release|Any CPU
		{81BD60D5-0A12-40A5-8F74-2B76CA542BF0}.Release|x86.ActiveCfg = Release|Any CPU
		{81BD60D5-0A12-40A5-8F74-2B76CA542BF0}.Release|x86.Build.0 = Release|Any CPU
		{2F37E804-1093-4452-BEC1-5233CA3C23E7}.Debug|Any CPU.ActiveCfg = Debug|Any CPU
		{2F37E804-1093-4452-BEC1-5233CA3C23E7}.Debug|Any CPU.Build.0 = Debug|Any CPU
		{2F37E804-1093-4452-BEC1-5233CA3C23E7}.Debug|x64.ActiveCfg = Debug|Any CPU
		{2F37E804-1093-4452-BEC1-5233CA3C23E7}.Debug|x64.Build.0 = Debug|Any CPU
		{2F37E804-1093-4452-BEC1-5233CA3C23E7}.Debug|x86.ActiveCfg = Debug|Any CPU
		{2F37E804-1093-4452-BEC1-5233CA3C23E7}.Debug|x86.Build.0 = Debug|Any CPU
		{2F37E804-1093-4452-BEC1-5233CA3C23E7}.Release|Any CPU.ActiveCfg = Release|Any CPU
		{2F37E804-1093-4452-BEC1-5233CA3C23E7}.Release|Any CPU.Build.0 = Release|Any CPU
		{2F37E804-1093-4452-BEC1-5233CA3C23E7}.Release|x64.ActiveCfg = Release|Any CPU
		{2F37E804-1093-4452-BEC1-5233CA3C23E7}.Release|x64.Build.0 = Release|Any CPU
		{2F37E804-1093-4452-BEC1-5233CA3C23E7}.Release|x86.ActiveCfg = Release|Any CPU
		{2F37E804-1093-4452-BEC1-5233CA3C23E7}.Release|x86.Build.0 = Release|Any CPU
		{ABC2057A-1912-4AAF-9851-E945F20E0E64}.Debug|Any CPU.ActiveCfg = Debug|Any CPU
		{ABC2057A-1912-4AAF-9851-E945F20E0E64}.Debug|Any CPU.Build.0 = Debug|Any CPU
		{ABC2057A-1912-4AAF-9851-E945F20E0E64}.Debug|x64.ActiveCfg = Debug|Any CPU
		{ABC2057A-1912-4AAF-9851-E945F20E0E64}.Debug|x64.Build.0 = Debug|Any CPU
		{ABC2057A-1912-4AAF-9851-E945F20E0E64}.Debug|x86.ActiveCfg = Debug|Any CPU
		{ABC2057A-1912-4AAF-9851-E945F20E0E64}.Debug|x86.Build.0 = Debug|Any CPU
		{ABC2057A-1912-4AAF-9851-E945F20E0E64}.Release|Any CPU.ActiveCfg = Release|Any CPU
		{ABC2057A-1912-4AAF-9851-E945F20E0E64}.Release|Any CPU.Build.0 = Release|Any CPU
		{ABC2057A-1912-4AAF-9851-E945F20E0E64}.Release|x64.ActiveCfg = Release|Any CPU
		{ABC2057A-1912-4AAF-9851-E945F20E0E64}.Release|x64.Build.0 = Release|Any CPU
		{ABC2057A-1912-4AAF-9851-E945F20E0E64}.Release|x86.ActiveCfg = Release|Any CPU
		{ABC2057A-1912-4AAF-9851-E945F20E0E64}.Release|x86.Build.0 = Release|Any CPU
		{98C40893-4E4E-429C-81C1-C63775B716D2}.Debug|Any CPU.ActiveCfg = Debug|Any CPU
		{98C40893-4E4E-429C-81C1-C63775B716D2}.Debug|Any CPU.Build.0 = Debug|Any CPU
		{98C40893-4E4E-429C-81C1-C63775B716D2}.Debug|x64.ActiveCfg = Debug|Any CPU
		{98C40893-4E4E-429C-81C1-C63775B716D2}.Debug|x64.Build.0 = Debug|Any CPU
		{98C40893-4E4E-429C-81C1-C63775B716D2}.Debug|x86.ActiveCfg = Debug|Any CPU
		{98C40893-4E4E-429C-81C1-C63775B716D2}.Debug|x86.Build.0 = Debug|Any CPU
		{98C40893-4E4E-429C-81C1-C63775B716D2}.Release|Any CPU.ActiveCfg = Release|Any CPU
		{98C40893-4E4E-429C-81C1-C63775B716D2}.Release|Any CPU.Build.0 = Release|Any CPU
		{98C40893-4E4E-429C-81C1-C63775B716D2}.Release|x64.ActiveCfg = Release|Any CPU
		{98C40893-4E4E-429C-81C1-C63775B716D2}.Release|x64.Build.0 = Release|Any CPU
		{98C40893-4E4E-429C-81C1-C63775B716D2}.Release|x86.ActiveCfg = Release|Any CPU
		{98C40893-4E4E-429C-81C1-C63775B716D2}.Release|x86.Build.0 = Release|Any CPU
		{055C02A4-C084-42FB-A544-CC209E9127D3}.Debug|Any CPU.ActiveCfg = Debug|Any CPU
		{055C02A4-C084-42FB-A544-CC209E9127D3}.Debug|Any CPU.Build.0 = Debug|Any CPU
		{055C02A4-C084-42FB-A544-CC209E9127D3}.Debug|x64.ActiveCfg = Debug|Any CPU
		{055C02A4-C084-42FB-A544-CC209E9127D3}.Debug|x64.Build.0 = Debug|Any CPU
		{055C02A4-C084-42FB-A544-CC209E9127D3}.Debug|x86.ActiveCfg = Debug|Any CPU
		{055C02A4-C084-42FB-A544-CC209E9127D3}.Debug|x86.Build.0 = Debug|Any CPU
		{055C02A4-C084-42FB-A544-CC209E9127D3}.Release|Any CPU.ActiveCfg = Release|Any CPU
		{055C02A4-C084-42FB-A544-CC209E9127D3}.Release|Any CPU.Build.0 = Release|Any CPU
		{055C02A4-C084-42FB-A544-CC209E9127D3}.Release|x64.ActiveCfg = Release|Any CPU
		{055C02A4-C084-42FB-A544-CC209E9127D3}.Release|x64.Build.0 = Release|Any CPU
		{055C02A4-C084-42FB-A544-CC209E9127D3}.Release|x86.ActiveCfg = Release|Any CPU
		{055C02A4-C084-42FB-A544-CC209E9127D3}.Release|x86.Build.0 = Release|Any CPU
		{BD279129-723D-4739-AD35-2797E0038B34}.Debug|Any CPU.ActiveCfg = Debug|Any CPU
		{BD279129-723D-4739-AD35-2797E0038B34}.Debug|Any CPU.Build.0 = Debug|Any CPU
		{BD279129-723D-4739-AD35-2797E0038B34}.Debug|x64.ActiveCfg = Debug|Any CPU
		{BD279129-723D-4739-AD35-2797E0038B34}.Debug|x64.Build.0 = Debug|Any CPU
		{BD279129-723D-4739-AD35-2797E0038B34}.Debug|x86.ActiveCfg = Debug|Any CPU
		{BD279129-723D-4739-AD35-2797E0038B34}.Debug|x86.Build.0 = Debug|Any CPU
		{BD279129-723D-4739-AD35-2797E0038B34}.Release|Any CPU.ActiveCfg = Release|Any CPU
		{BD279129-723D-4739-AD35-2797E0038B34}.Release|Any CPU.Build.0 = Release|Any CPU
		{BD279129-723D-4739-AD35-2797E0038B34}.Release|x64.ActiveCfg = Release|Any CPU
		{BD279129-723D-4739-AD35-2797E0038B34}.Release|x64.Build.0 = Release|Any CPU
		{BD279129-723D-4739-AD35-2797E0038B34}.Release|x86.ActiveCfg = Release|Any CPU
		{BD279129-723D-4739-AD35-2797E0038B34}.Release|x86.Build.0 = Release|Any CPU
		{C5BFA51F-7F0B-47F5-8D55-50BE983AA66A}.Debug|Any CPU.ActiveCfg = Debug|Any CPU
		{C5BFA51F-7F0B-47F5-8D55-50BE983AA66A}.Debug|Any CPU.Build.0 = Debug|Any CPU
		{C5BFA51F-7F0B-47F5-8D55-50BE983AA66A}.Debug|x64.ActiveCfg = Debug|Any CPU
		{C5BFA51F-7F0B-47F5-8D55-50BE983AA66A}.Debug|x64.Build.0 = Debug|Any CPU
		{C5BFA51F-7F0B-47F5-8D55-50BE983AA66A}.Debug|x86.ActiveCfg = Debug|Any CPU
		{C5BFA51F-7F0B-47F5-8D55-50BE983AA66A}.Debug|x86.Build.0 = Debug|Any CPU
		{C5BFA51F-7F0B-47F5-8D55-50BE983AA66A}.Release|Any CPU.ActiveCfg = Release|Any CPU
		{C5BFA51F-7F0B-47F5-8D55-50BE983AA66A}.Release|Any CPU.Build.0 = Release|Any CPU
		{C5BFA51F-7F0B-47F5-8D55-50BE983AA66A}.Release|x64.ActiveCfg = Release|Any CPU
		{C5BFA51F-7F0B-47F5-8D55-50BE983AA66A}.Release|x64.Build.0 = Release|Any CPU
		{C5BFA51F-7F0B-47F5-8D55-50BE983AA66A}.Release|x86.ActiveCfg = Release|Any CPU
		{C5BFA51F-7F0B-47F5-8D55-50BE983AA66A}.Release|x86.Build.0 = Release|Any CPU
		{DFE750A6-6549-4721-8BCF-ED25A9C9E169}.Debug|Any CPU.ActiveCfg = Debug|Any CPU
		{DFE750A6-6549-4721-8BCF-ED25A9C9E169}.Debug|Any CPU.Build.0 = Debug|Any CPU
		{DFE750A6-6549-4721-8BCF-ED25A9C9E169}.Debug|x64.ActiveCfg = Debug|Any CPU
		{DFE750A6-6549-4721-8BCF-ED25A9C9E169}.Debug|x64.Build.0 = Debug|Any CPU
		{DFE750A6-6549-4721-8BCF-ED25A9C9E169}.Debug|x86.ActiveCfg = Debug|Any CPU
		{DFE750A6-6549-4721-8BCF-ED25A9C9E169}.Debug|x86.Build.0 = Debug|Any CPU
		{DFE750A6-6549-4721-8BCF-ED25A9C9E169}.Release|Any CPU.ActiveCfg = Release|Any CPU
		{DFE750A6-6549-4721-8BCF-ED25A9C9E169}.Release|Any CPU.Build.0 = Release|Any CPU
		{DFE750A6-6549-4721-8BCF-ED25A9C9E169}.Release|x64.ActiveCfg = Release|Any CPU
		{DFE750A6-6549-4721-8BCF-ED25A9C9E169}.Release|x64.Build.0 = Release|Any CPU
		{DFE750A6-6549-4721-8BCF-ED25A9C9E169}.Release|x86.ActiveCfg = Release|Any CPU
		{DFE750A6-6549-4721-8BCF-ED25A9C9E169}.Release|x86.Build.0 = Release|Any CPU
		{EA9E1B01-8A72-42E6-9D8C-D5661ABC766A}.Debug|Any CPU.ActiveCfg = Debug|Any CPU
		{EA9E1B01-8A72-42E6-9D8C-D5661ABC766A}.Debug|Any CPU.Build.0 = Debug|Any CPU
		{EA9E1B01-8A72-42E6-9D8C-D5661ABC766A}.Debug|x64.ActiveCfg = Debug|Any CPU
		{EA9E1B01-8A72-42E6-9D8C-D5661ABC766A}.Debug|x64.Build.0 = Debug|Any CPU
		{EA9E1B01-8A72-42E6-9D8C-D5661ABC766A}.Debug|x86.ActiveCfg = Debug|Any CPU
		{EA9E1B01-8A72-42E6-9D8C-D5661ABC766A}.Debug|x86.Build.0 = Debug|Any CPU
		{EA9E1B01-8A72-42E6-9D8C-D5661ABC766A}.Release|Any CPU.ActiveCfg = Release|Any CPU
		{EA9E1B01-8A72-42E6-9D8C-D5661ABC766A}.Release|Any CPU.Build.0 = Release|Any CPU
		{EA9E1B01-8A72-42E6-9D8C-D5661ABC766A}.Release|x64.ActiveCfg = Release|Any CPU
		{EA9E1B01-8A72-42E6-9D8C-D5661ABC766A}.Release|x64.Build.0 = Release|Any CPU
		{EA9E1B01-8A72-42E6-9D8C-D5661ABC766A}.Release|x86.ActiveCfg = Release|Any CPU
		{EA9E1B01-8A72-42E6-9D8C-D5661ABC766A}.Release|x86.Build.0 = Release|Any CPU
		{6A93A5BE-1BE0-437B-BADE-F9346B65D4CF}.Debug|Any CPU.ActiveCfg = Debug|Any CPU
		{6A93A5BE-1BE0-437B-BADE-F9346B65D4CF}.Debug|Any CPU.Build.0 = Debug|Any CPU
		{6A93A5BE-1BE0-437B-BADE-F9346B65D4CF}.Debug|x64.ActiveCfg = Debug|Any CPU
		{6A93A5BE-1BE0-437B-BADE-F9346B65D4CF}.Debug|x64.Build.0 = Debug|Any CPU
		{6A93A5BE-1BE0-437B-BADE-F9346B65D4CF}.Debug|x86.ActiveCfg = Debug|Any CPU
		{6A93A5BE-1BE0-437B-BADE-F9346B65D4CF}.Debug|x86.Build.0 = Debug|Any CPU
		{6A93A5BE-1BE0-437B-BADE-F9346B65D4CF}.Release|Any CPU.ActiveCfg = Release|Any CPU
		{6A93A5BE-1BE0-437B-BADE-F9346B65D4CF}.Release|Any CPU.Build.0 = Release|Any CPU
		{6A93A5BE-1BE0-437B-BADE-F9346B65D4CF}.Release|x64.ActiveCfg = Release|Any CPU
		{6A93A5BE-1BE0-437B-BADE-F9346B65D4CF}.Release|x64.Build.0 = Release|Any CPU
		{6A93A5BE-1BE0-437B-BADE-F9346B65D4CF}.Release|x86.ActiveCfg = Release|Any CPU
		{6A93A5BE-1BE0-437B-BADE-F9346B65D4CF}.Release|x86.Build.0 = Release|Any CPU
		{40CB424F-1AF2-4FB9-94A0-7CA8439179EF}.Debug|Any CPU.ActiveCfg = Debug|Any CPU
		{40CB424F-1AF2-4FB9-94A0-7CA8439179EF}.Debug|Any CPU.Build.0 = Debug|Any CPU
		{40CB424F-1AF2-4FB9-94A0-7CA8439179EF}.Debug|x64.ActiveCfg = Debug|Any CPU
		{40CB424F-1AF2-4FB9-94A0-7CA8439179EF}.Debug|x64.Build.0 = Debug|Any CPU
		{40CB424F-1AF2-4FB9-94A0-7CA8439179EF}.Debug|x86.ActiveCfg = Debug|Any CPU
		{40CB424F-1AF2-4FB9-94A0-7CA8439179EF}.Debug|x86.Build.0 = Debug|Any CPU
		{40CB424F-1AF2-4FB9-94A0-7CA8439179EF}.Release|Any CPU.ActiveCfg = Release|Any CPU
		{40CB424F-1AF2-4FB9-94A0-7CA8439179EF}.Release|Any CPU.Build.0 = Release|Any CPU
		{40CB424F-1AF2-4FB9-94A0-7CA8439179EF}.Release|x64.ActiveCfg = Release|Any CPU
		{40CB424F-1AF2-4FB9-94A0-7CA8439179EF}.Release|x64.Build.0 = Release|Any CPU
		{40CB424F-1AF2-4FB9-94A0-7CA8439179EF}.Release|x86.ActiveCfg = Release|Any CPU
		{40CB424F-1AF2-4FB9-94A0-7CA8439179EF}.Release|x86.Build.0 = Release|Any CPU
		{28900C09-F52E-4354-BCAB-B4672CA5D837}.Debug|Any CPU.ActiveCfg = Debug|Any CPU
		{28900C09-F52E-4354-BCAB-B4672CA5D837}.Debug|Any CPU.Build.0 = Debug|Any CPU
		{28900C09-F52E-4354-BCAB-B4672CA5D837}.Debug|x64.ActiveCfg = Debug|Any CPU
		{28900C09-F52E-4354-BCAB-B4672CA5D837}.Debug|x64.Build.0 = Debug|Any CPU
		{28900C09-F52E-4354-BCAB-B4672CA5D837}.Debug|x86.ActiveCfg = Debug|Any CPU
		{28900C09-F52E-4354-BCAB-B4672CA5D837}.Debug|x86.Build.0 = Debug|Any CPU
		{28900C09-F52E-4354-BCAB-B4672CA5D837}.Release|Any CPU.ActiveCfg = Release|Any CPU
		{28900C09-F52E-4354-BCAB-B4672CA5D837}.Release|Any CPU.Build.0 = Release|Any CPU
		{28900C09-F52E-4354-BCAB-B4672CA5D837}.Release|x64.ActiveCfg = Release|Any CPU
		{28900C09-F52E-4354-BCAB-B4672CA5D837}.Release|x64.Build.0 = Release|Any CPU
		{28900C09-F52E-4354-BCAB-B4672CA5D837}.Release|x86.ActiveCfg = Release|Any CPU
		{28900C09-F52E-4354-BCAB-B4672CA5D837}.Release|x86.Build.0 = Release|Any CPU
		{8EE1E09D-78A7-4A0C-8E04-81340AC9744E}.Debug|Any CPU.ActiveCfg = Debug|Any CPU
		{8EE1E09D-78A7-4A0C-8E04-81340AC9744E}.Debug|Any CPU.Build.0 = Debug|Any CPU
		{8EE1E09D-78A7-4A0C-8E04-81340AC9744E}.Debug|x64.ActiveCfg = Debug|Any CPU
		{8EE1E09D-78A7-4A0C-8E04-81340AC9744E}.Debug|x64.Build.0 = Debug|Any CPU
		{8EE1E09D-78A7-4A0C-8E04-81340AC9744E}.Debug|x86.ActiveCfg = Debug|Any CPU
		{8EE1E09D-78A7-4A0C-8E04-81340AC9744E}.Debug|x86.Build.0 = Debug|Any CPU
		{8EE1E09D-78A7-4A0C-8E04-81340AC9744E}.Release|Any CPU.ActiveCfg = Release|Any CPU
		{8EE1E09D-78A7-4A0C-8E04-81340AC9744E}.Release|Any CPU.Build.0 = Release|Any CPU
		{8EE1E09D-78A7-4A0C-8E04-81340AC9744E}.Release|x64.ActiveCfg = Release|Any CPU
		{8EE1E09D-78A7-4A0C-8E04-81340AC9744E}.Release|x64.Build.0 = Release|Any CPU
		{8EE1E09D-78A7-4A0C-8E04-81340AC9744E}.Release|x86.ActiveCfg = Release|Any CPU
		{8EE1E09D-78A7-4A0C-8E04-81340AC9744E}.Release|x86.Build.0 = Release|Any CPU
		{7AF6F6C8-F08F-466D-BAC9-A1457A05455C}.Debug|Any CPU.ActiveCfg = Debug|Any CPU
		{7AF6F6C8-F08F-466D-BAC9-A1457A05455C}.Debug|Any CPU.Build.0 = Debug|Any CPU
		{7AF6F6C8-F08F-466D-BAC9-A1457A05455C}.Debug|x64.ActiveCfg = Debug|Any CPU
		{7AF6F6C8-F08F-466D-BAC9-A1457A05455C}.Debug|x64.Build.0 = Debug|Any CPU
		{7AF6F6C8-F08F-466D-BAC9-A1457A05455C}.Debug|x86.ActiveCfg = Debug|Any CPU
		{7AF6F6C8-F08F-466D-BAC9-A1457A05455C}.Debug|x86.Build.0 = Debug|Any CPU
		{7AF6F6C8-F08F-466D-BAC9-A1457A05455C}.Release|Any CPU.ActiveCfg = Release|Any CPU
		{7AF6F6C8-F08F-466D-BAC9-A1457A05455C}.Release|Any CPU.Build.0 = Release|Any CPU
		{7AF6F6C8-F08F-466D-BAC9-A1457A05455C}.Release|x64.ActiveCfg = Release|Any CPU
		{7AF6F6C8-F08F-466D-BAC9-A1457A05455C}.Release|x64.Build.0 = Release|Any CPU
		{7AF6F6C8-F08F-466D-BAC9-A1457A05455C}.Release|x86.ActiveCfg = Release|Any CPU
		{7AF6F6C8-F08F-466D-BAC9-A1457A05455C}.Release|x86.Build.0 = Release|Any CPU
		{28AF70F8-3C70-4C10-8D82-D7AE0D3A33FD}.Debug|Any CPU.ActiveCfg = Debug|Any CPU
		{28AF70F8-3C70-4C10-8D82-D7AE0D3A33FD}.Debug|Any CPU.Build.0 = Debug|Any CPU
		{28AF70F8-3C70-4C10-8D82-D7AE0D3A33FD}.Debug|x64.ActiveCfg = Debug|Any CPU
		{28AF70F8-3C70-4C10-8D82-D7AE0D3A33FD}.Debug|x64.Build.0 = Debug|Any CPU
		{28AF70F8-3C70-4C10-8D82-D7AE0D3A33FD}.Debug|x86.ActiveCfg = Debug|Any CPU
		{28AF70F8-3C70-4C10-8D82-D7AE0D3A33FD}.Debug|x86.Build.0 = Debug|Any CPU
		{28AF70F8-3C70-4C10-8D82-D7AE0D3A33FD}.Release|Any CPU.ActiveCfg = Release|Any CPU
		{28AF70F8-3C70-4C10-8D82-D7AE0D3A33FD}.Release|Any CPU.Build.0 = Release|Any CPU
		{28AF70F8-3C70-4C10-8D82-D7AE0D3A33FD}.Release|x64.ActiveCfg = Release|Any CPU
		{28AF70F8-3C70-4C10-8D82-D7AE0D3A33FD}.Release|x64.Build.0 = Release|Any CPU
		{28AF70F8-3C70-4C10-8D82-D7AE0D3A33FD}.Release|x86.ActiveCfg = Release|Any CPU
		{28AF70F8-3C70-4C10-8D82-D7AE0D3A33FD}.Release|x86.Build.0 = Release|Any CPU
		{AAD56CF1-C0A5-47AB-B928-5A7ED05B78EF}.Debug|Any CPU.ActiveCfg = Debug|Any CPU
		{AAD56CF1-C0A5-47AB-B928-5A7ED05B78EF}.Debug|Any CPU.Build.0 = Debug|Any CPU
		{AAD56CF1-C0A5-47AB-B928-5A7ED05B78EF}.Debug|x64.ActiveCfg = Debug|Any CPU
		{AAD56CF1-C0A5-47AB-B928-5A7ED05B78EF}.Debug|x64.Build.0 = Debug|Any CPU
		{AAD56CF1-C0A5-47AB-B928-5A7ED05B78EF}.Debug|x86.ActiveCfg = Debug|Any CPU
		{AAD56CF1-C0A5-47AB-B928-5A7ED05B78EF}.Debug|x86.Build.0 = Debug|Any CPU
		{AAD56CF1-C0A5-47AB-B928-5A7ED05B78EF}.Release|Any CPU.ActiveCfg = Release|Any CPU
		{AAD56CF1-C0A5-47AB-B928-5A7ED05B78EF}.Release|Any CPU.Build.0 = Release|Any CPU
		{AAD56CF1-C0A5-47AB-B928-5A7ED05B78EF}.Release|x64.ActiveCfg = Release|Any CPU
		{AAD56CF1-C0A5-47AB-B928-5A7ED05B78EF}.Release|x64.Build.0 = Release|Any CPU
		{AAD56CF1-C0A5-47AB-B928-5A7ED05B78EF}.Release|x86.ActiveCfg = Release|Any CPU
		{AAD56CF1-C0A5-47AB-B928-5A7ED05B78EF}.Release|x86.Build.0 = Release|Any CPU
		{BB22E355-0035-4A35-9FB4-6E816815A307}.Debug|Any CPU.ActiveCfg = Debug|Any CPU
		{BB22E355-0035-4A35-9FB4-6E816815A307}.Debug|Any CPU.Build.0 = Debug|Any CPU
		{BB22E355-0035-4A35-9FB4-6E816815A307}.Debug|x64.ActiveCfg = Debug|Any CPU
		{BB22E355-0035-4A35-9FB4-6E816815A307}.Debug|x64.Build.0 = Debug|Any CPU
		{BB22E355-0035-4A35-9FB4-6E816815A307}.Debug|x86.ActiveCfg = Debug|Any CPU
		{BB22E355-0035-4A35-9FB4-6E816815A307}.Debug|x86.Build.0 = Debug|Any CPU
		{BB22E355-0035-4A35-9FB4-6E816815A307}.Release|Any CPU.ActiveCfg = Release|Any CPU
		{BB22E355-0035-4A35-9FB4-6E816815A307}.Release|Any CPU.Build.0 = Release|Any CPU
		{BB22E355-0035-4A35-9FB4-6E816815A307}.Release|x64.ActiveCfg = Release|Any CPU
		{BB22E355-0035-4A35-9FB4-6E816815A307}.Release|x64.Build.0 = Release|Any CPU
		{BB22E355-0035-4A35-9FB4-6E816815A307}.Release|x86.ActiveCfg = Release|Any CPU
		{BB22E355-0035-4A35-9FB4-6E816815A307}.Release|x86.Build.0 = Release|Any CPU
		{A0204DCA-DE05-4324-A6BD-812262C5AEA2}.Debug|Any CPU.ActiveCfg = Debug|Any CPU
		{A0204DCA-DE05-4324-A6BD-812262C5AEA2}.Debug|Any CPU.Build.0 = Debug|Any CPU
		{A0204DCA-DE05-4324-A6BD-812262C5AEA2}.Debug|x64.ActiveCfg = Debug|Any CPU
		{A0204DCA-DE05-4324-A6BD-812262C5AEA2}.Debug|x64.Build.0 = Debug|Any CPU
		{A0204DCA-DE05-4324-A6BD-812262C5AEA2}.Debug|x86.ActiveCfg = Debug|Any CPU
		{A0204DCA-DE05-4324-A6BD-812262C5AEA2}.Debug|x86.Build.0 = Debug|Any CPU
		{A0204DCA-DE05-4324-A6BD-812262C5AEA2}.Release|Any CPU.ActiveCfg = Release|Any CPU
		{A0204DCA-DE05-4324-A6BD-812262C5AEA2}.Release|Any CPU.Build.0 = Release|Any CPU
		{A0204DCA-DE05-4324-A6BD-812262C5AEA2}.Release|x64.ActiveCfg = Release|Any CPU
		{A0204DCA-DE05-4324-A6BD-812262C5AEA2}.Release|x64.Build.0 = Release|Any CPU
		{A0204DCA-DE05-4324-A6BD-812262C5AEA2}.Release|x86.ActiveCfg = Release|Any CPU
		{A0204DCA-DE05-4324-A6BD-812262C5AEA2}.Release|x86.Build.0 = Release|Any CPU
		{E9336EA2-2BC9-4827-865F-798077868D28}.Debug|Any CPU.ActiveCfg = Debug|Any CPU
		{E9336EA2-2BC9-4827-865F-798077868D28}.Debug|Any CPU.Build.0 = Debug|Any CPU
		{E9336EA2-2BC9-4827-865F-798077868D28}.Debug|x64.ActiveCfg = Debug|Any CPU
		{E9336EA2-2BC9-4827-865F-798077868D28}.Debug|x64.Build.0 = Debug|Any CPU
		{E9336EA2-2BC9-4827-865F-798077868D28}.Debug|x86.ActiveCfg = Debug|Any CPU
		{E9336EA2-2BC9-4827-865F-798077868D28}.Debug|x86.Build.0 = Debug|Any CPU
		{E9336EA2-2BC9-4827-865F-798077868D28}.Release|Any CPU.ActiveCfg = Release|Any CPU
		{E9336EA2-2BC9-4827-865F-798077868D28}.Release|Any CPU.Build.0 = Release|Any CPU
		{E9336EA2-2BC9-4827-865F-798077868D28}.Release|x64.ActiveCfg = Release|Any CPU
		{E9336EA2-2BC9-4827-865F-798077868D28}.Release|x64.Build.0 = Release|Any CPU
		{E9336EA2-2BC9-4827-865F-798077868D28}.Release|x86.ActiveCfg = Release|Any CPU
		{E9336EA2-2BC9-4827-865F-798077868D28}.Release|x86.Build.0 = Release|Any CPU
		{CD0A9FCF-5190-42C4-83EE-0BC48484C2FE}.Debug|Any CPU.ActiveCfg = Debug|Any CPU
		{CD0A9FCF-5190-42C4-83EE-0BC48484C2FE}.Debug|Any CPU.Build.0 = Debug|Any CPU
		{CD0A9FCF-5190-42C4-83EE-0BC48484C2FE}.Debug|x64.ActiveCfg = Debug|Any CPU
		{CD0A9FCF-5190-42C4-83EE-0BC48484C2FE}.Debug|x64.Build.0 = Debug|Any CPU
		{CD0A9FCF-5190-42C4-83EE-0BC48484C2FE}.Debug|x86.ActiveCfg = Debug|Any CPU
		{CD0A9FCF-5190-42C4-83EE-0BC48484C2FE}.Debug|x86.Build.0 = Debug|Any CPU
		{CD0A9FCF-5190-42C4-83EE-0BC48484C2FE}.Release|Any CPU.ActiveCfg = Release|Any CPU
		{CD0A9FCF-5190-42C4-83EE-0BC48484C2FE}.Release|Any CPU.Build.0 = Release|Any CPU
		{CD0A9FCF-5190-42C4-83EE-0BC48484C2FE}.Release|x64.ActiveCfg = Release|Any CPU
		{CD0A9FCF-5190-42C4-83EE-0BC48484C2FE}.Release|x64.Build.0 = Release|Any CPU
		{CD0A9FCF-5190-42C4-83EE-0BC48484C2FE}.Release|x86.ActiveCfg = Release|Any CPU
		{CD0A9FCF-5190-42C4-83EE-0BC48484C2FE}.Release|x86.Build.0 = Release|Any CPU
		{B12D8337-3171-4085-99F5-419E016EE283}.Debug|Any CPU.ActiveCfg = Debug|Any CPU
		{B12D8337-3171-4085-99F5-419E016EE283}.Debug|Any CPU.Build.0 = Debug|Any CPU
		{B12D8337-3171-4085-99F5-419E016EE283}.Debug|x64.ActiveCfg = Debug|Any CPU
		{B12D8337-3171-4085-99F5-419E016EE283}.Debug|x64.Build.0 = Debug|Any CPU
		{B12D8337-3171-4085-99F5-419E016EE283}.Debug|x86.ActiveCfg = Debug|Any CPU
		{B12D8337-3171-4085-99F5-419E016EE283}.Debug|x86.Build.0 = Debug|Any CPU
		{B12D8337-3171-4085-99F5-419E016EE283}.Release|Any CPU.ActiveCfg = Release|Any CPU
		{B12D8337-3171-4085-99F5-419E016EE283}.Release|Any CPU.Build.0 = Release|Any CPU
		{B12D8337-3171-4085-99F5-419E016EE283}.Release|x64.ActiveCfg = Release|Any CPU
		{B12D8337-3171-4085-99F5-419E016EE283}.Release|x64.Build.0 = Release|Any CPU
		{B12D8337-3171-4085-99F5-419E016EE283}.Release|x86.ActiveCfg = Release|Any CPU
		{B12D8337-3171-4085-99F5-419E016EE283}.Release|x86.Build.0 = Release|Any CPU
		{708CC02E-6BDF-4767-BE19-6889AD10317F}.Debug|Any CPU.ActiveCfg = Debug|Any CPU
		{708CC02E-6BDF-4767-BE19-6889AD10317F}.Debug|Any CPU.Build.0 = Debug|Any CPU
		{708CC02E-6BDF-4767-BE19-6889AD10317F}.Debug|x64.ActiveCfg = Debug|Any CPU
		{708CC02E-6BDF-4767-BE19-6889AD10317F}.Debug|x64.Build.0 = Debug|Any CPU
		{708CC02E-6BDF-4767-BE19-6889AD10317F}.Debug|x86.ActiveCfg = Debug|Any CPU
		{708CC02E-6BDF-4767-BE19-6889AD10317F}.Debug|x86.Build.0 = Debug|Any CPU
		{708CC02E-6BDF-4767-BE19-6889AD10317F}.Release|Any CPU.ActiveCfg = Release|Any CPU
		{708CC02E-6BDF-4767-BE19-6889AD10317F}.Release|Any CPU.Build.0 = Release|Any CPU
		{708CC02E-6BDF-4767-BE19-6889AD10317F}.Release|x64.ActiveCfg = Release|Any CPU
		{708CC02E-6BDF-4767-BE19-6889AD10317F}.Release|x64.Build.0 = Release|Any CPU
		{708CC02E-6BDF-4767-BE19-6889AD10317F}.Release|x86.ActiveCfg = Release|Any CPU
		{708CC02E-6BDF-4767-BE19-6889AD10317F}.Release|x86.Build.0 = Release|Any CPU
		{4BB7B0F2-76EF-430A-90E1-2C3BE0ABB9B5}.Debug|Any CPU.ActiveCfg = Debug|Any CPU
		{4BB7B0F2-76EF-430A-90E1-2C3BE0ABB9B5}.Debug|Any CPU.Build.0 = Debug|Any CPU
		{4BB7B0F2-76EF-430A-90E1-2C3BE0ABB9B5}.Debug|x64.ActiveCfg = Debug|Any CPU
		{4BB7B0F2-76EF-430A-90E1-2C3BE0ABB9B5}.Debug|x64.Build.0 = Debug|Any CPU
		{4BB7B0F2-76EF-430A-90E1-2C3BE0ABB9B5}.Debug|x86.ActiveCfg = Debug|Any CPU
		{4BB7B0F2-76EF-430A-90E1-2C3BE0ABB9B5}.Debug|x86.Build.0 = Debug|Any CPU
		{4BB7B0F2-76EF-430A-90E1-2C3BE0ABB9B5}.Release|Any CPU.ActiveCfg = Release|Any CPU
		{4BB7B0F2-76EF-430A-90E1-2C3BE0ABB9B5}.Release|Any CPU.Build.0 = Release|Any CPU
		{4BB7B0F2-76EF-430A-90E1-2C3BE0ABB9B5}.Release|x64.ActiveCfg = Release|Any CPU
		{4BB7B0F2-76EF-430A-90E1-2C3BE0ABB9B5}.Release|x64.Build.0 = Release|Any CPU
		{4BB7B0F2-76EF-430A-90E1-2C3BE0ABB9B5}.Release|x86.ActiveCfg = Release|Any CPU
		{4BB7B0F2-76EF-430A-90E1-2C3BE0ABB9B5}.Release|x86.Build.0 = Release|Any CPU
		{228EAE1D-5DF0-4E0D-A3B0-600E10FD5F62}.Debug|Any CPU.ActiveCfg = Debug|Any CPU
		{228EAE1D-5DF0-4E0D-A3B0-600E10FD5F62}.Debug|Any CPU.Build.0 = Debug|Any CPU
		{228EAE1D-5DF0-4E0D-A3B0-600E10FD5F62}.Debug|x64.ActiveCfg = Debug|Any CPU
		{228EAE1D-5DF0-4E0D-A3B0-600E10FD5F62}.Debug|x64.Build.0 = Debug|Any CPU
		{228EAE1D-5DF0-4E0D-A3B0-600E10FD5F62}.Debug|x86.ActiveCfg = Debug|Any CPU
		{228EAE1D-5DF0-4E0D-A3B0-600E10FD5F62}.Debug|x86.Build.0 = Debug|Any CPU
		{228EAE1D-5DF0-4E0D-A3B0-600E10FD5F62}.Release|Any CPU.ActiveCfg = Release|Any CPU
		{228EAE1D-5DF0-4E0D-A3B0-600E10FD5F62}.Release|Any CPU.Build.0 = Release|Any CPU
		{228EAE1D-5DF0-4E0D-A3B0-600E10FD5F62}.Release|x64.ActiveCfg = Release|Any CPU
		{228EAE1D-5DF0-4E0D-A3B0-600E10FD5F62}.Release|x64.Build.0 = Release|Any CPU
		{228EAE1D-5DF0-4E0D-A3B0-600E10FD5F62}.Release|x86.ActiveCfg = Release|Any CPU
		{228EAE1D-5DF0-4E0D-A3B0-600E10FD5F62}.Release|x86.Build.0 = Release|Any CPU
		{25ED4376-6659-47F0-B4CE-D6EFEE554FA4}.Debug|Any CPU.ActiveCfg = Debug|Any CPU
		{25ED4376-6659-47F0-B4CE-D6EFEE554FA4}.Debug|Any CPU.Build.0 = Debug|Any CPU
		{25ED4376-6659-47F0-B4CE-D6EFEE554FA4}.Debug|x64.ActiveCfg = Debug|Any CPU
		{25ED4376-6659-47F0-B4CE-D6EFEE554FA4}.Debug|x64.Build.0 = Debug|Any CPU
		{25ED4376-6659-47F0-B4CE-D6EFEE554FA4}.Debug|x86.ActiveCfg = Debug|Any CPU
		{25ED4376-6659-47F0-B4CE-D6EFEE554FA4}.Debug|x86.Build.0 = Debug|Any CPU
		{25ED4376-6659-47F0-B4CE-D6EFEE554FA4}.Release|Any CPU.ActiveCfg = Release|Any CPU
		{25ED4376-6659-47F0-B4CE-D6EFEE554FA4}.Release|Any CPU.Build.0 = Release|Any CPU
		{25ED4376-6659-47F0-B4CE-D6EFEE554FA4}.Release|x64.ActiveCfg = Release|Any CPU
		{25ED4376-6659-47F0-B4CE-D6EFEE554FA4}.Release|x64.Build.0 = Release|Any CPU
		{25ED4376-6659-47F0-B4CE-D6EFEE554FA4}.Release|x86.ActiveCfg = Release|Any CPU
		{25ED4376-6659-47F0-B4CE-D6EFEE554FA4}.Release|x86.Build.0 = Release|Any CPU
		{D5A84FB7-B4DB-4EBD-A49C-715818DAE48E}.Debug|Any CPU.ActiveCfg = Debug|Any CPU
		{D5A84FB7-B4DB-4EBD-A49C-715818DAE48E}.Debug|Any CPU.Build.0 = Debug|Any CPU
		{D5A84FB7-B4DB-4EBD-A49C-715818DAE48E}.Debug|x64.ActiveCfg = Debug|Any CPU
		{D5A84FB7-B4DB-4EBD-A49C-715818DAE48E}.Debug|x64.Build.0 = Debug|Any CPU
		{D5A84FB7-B4DB-4EBD-A49C-715818DAE48E}.Debug|x86.ActiveCfg = Debug|Any CPU
		{D5A84FB7-B4DB-4EBD-A49C-715818DAE48E}.Debug|x86.Build.0 = Debug|Any CPU
		{D5A84FB7-B4DB-4EBD-A49C-715818DAE48E}.Release|Any CPU.ActiveCfg = Release|Any CPU
		{D5A84FB7-B4DB-4EBD-A49C-715818DAE48E}.Release|Any CPU.Build.0 = Release|Any CPU
		{D5A84FB7-B4DB-4EBD-A49C-715818DAE48E}.Release|x64.ActiveCfg = Release|Any CPU
		{D5A84FB7-B4DB-4EBD-A49C-715818DAE48E}.Release|x64.Build.0 = Release|Any CPU
		{D5A84FB7-B4DB-4EBD-A49C-715818DAE48E}.Release|x86.ActiveCfg = Release|Any CPU
		{D5A84FB7-B4DB-4EBD-A49C-715818DAE48E}.Release|x86.Build.0 = Release|Any CPU
		{BB9C9260-462A-4767-AF4B-0D6877D910CC}.Debug|Any CPU.ActiveCfg = Debug|Any CPU
		{BB9C9260-462A-4767-AF4B-0D6877D910CC}.Debug|Any CPU.Build.0 = Debug|Any CPU
		{BB9C9260-462A-4767-AF4B-0D6877D910CC}.Debug|x64.ActiveCfg = Debug|Any CPU
		{BB9C9260-462A-4767-AF4B-0D6877D910CC}.Debug|x64.Build.0 = Debug|Any CPU
		{BB9C9260-462A-4767-AF4B-0D6877D910CC}.Debug|x86.ActiveCfg = Debug|Any CPU
		{BB9C9260-462A-4767-AF4B-0D6877D910CC}.Debug|x86.Build.0 = Debug|Any CPU
		{BB9C9260-462A-4767-AF4B-0D6877D910CC}.Release|Any CPU.ActiveCfg = Release|Any CPU
		{BB9C9260-462A-4767-AF4B-0D6877D910CC}.Release|Any CPU.Build.0 = Release|Any CPU
		{BB9C9260-462A-4767-AF4B-0D6877D910CC}.Release|x64.ActiveCfg = Release|Any CPU
		{BB9C9260-462A-4767-AF4B-0D6877D910CC}.Release|x64.Build.0 = Release|Any CPU
		{BB9C9260-462A-4767-AF4B-0D6877D910CC}.Release|x86.ActiveCfg = Release|Any CPU
		{BB9C9260-462A-4767-AF4B-0D6877D910CC}.Release|x86.Build.0 = Release|Any CPU
		{F9D7AB63-E57D-4925-9C68-2A6C43811032}.Debug|Any CPU.ActiveCfg = Debug|Any CPU
		{F9D7AB63-E57D-4925-9C68-2A6C43811032}.Debug|Any CPU.Build.0 = Debug|Any CPU
		{F9D7AB63-E57D-4925-9C68-2A6C43811032}.Debug|x64.ActiveCfg = Debug|Any CPU
		{F9D7AB63-E57D-4925-9C68-2A6C43811032}.Debug|x64.Build.0 = Debug|Any CPU
		{F9D7AB63-E57D-4925-9C68-2A6C43811032}.Debug|x86.ActiveCfg = Debug|Any CPU
		{F9D7AB63-E57D-4925-9C68-2A6C43811032}.Debug|x86.Build.0 = Debug|Any CPU
		{F9D7AB63-E57D-4925-9C68-2A6C43811032}.Release|Any CPU.ActiveCfg = Release|Any CPU
		{F9D7AB63-E57D-4925-9C68-2A6C43811032}.Release|Any CPU.Build.0 = Release|Any CPU
		{F9D7AB63-E57D-4925-9C68-2A6C43811032}.Release|x64.ActiveCfg = Release|Any CPU
		{F9D7AB63-E57D-4925-9C68-2A6C43811032}.Release|x64.Build.0 = Release|Any CPU
		{F9D7AB63-E57D-4925-9C68-2A6C43811032}.Release|x86.ActiveCfg = Release|Any CPU
		{F9D7AB63-E57D-4925-9C68-2A6C43811032}.Release|x86.Build.0 = Release|Any CPU
		{37460B46-029E-4CCB-9F13-F2B39932EFE1}.Debug|Any CPU.ActiveCfg = Debug|Any CPU
		{37460B46-029E-4CCB-9F13-F2B39932EFE1}.Debug|Any CPU.Build.0 = Debug|Any CPU
		{37460B46-029E-4CCB-9F13-F2B39932EFE1}.Debug|x64.ActiveCfg = Debug|Any CPU
		{37460B46-029E-4CCB-9F13-F2B39932EFE1}.Debug|x64.Build.0 = Debug|Any CPU
		{37460B46-029E-4CCB-9F13-F2B39932EFE1}.Debug|x86.ActiveCfg = Debug|Any CPU
		{37460B46-029E-4CCB-9F13-F2B39932EFE1}.Debug|x86.Build.0 = Debug|Any CPU
		{37460B46-029E-4CCB-9F13-F2B39932EFE1}.Release|Any CPU.ActiveCfg = Release|Any CPU
		{37460B46-029E-4CCB-9F13-F2B39932EFE1}.Release|Any CPU.Build.0 = Release|Any CPU
		{37460B46-029E-4CCB-9F13-F2B39932EFE1}.Release|x64.ActiveCfg = Release|Any CPU
		{37460B46-029E-4CCB-9F13-F2B39932EFE1}.Release|x64.Build.0 = Release|Any CPU
		{37460B46-029E-4CCB-9F13-F2B39932EFE1}.Release|x86.ActiveCfg = Release|Any CPU
		{37460B46-029E-4CCB-9F13-F2B39932EFE1}.Release|x86.Build.0 = Release|Any CPU
		{F80AC33C-F82C-4055-B673-06B1A1B6130D}.Debug|Any CPU.ActiveCfg = Debug|Any CPU
		{F80AC33C-F82C-4055-B673-06B1A1B6130D}.Debug|Any CPU.Build.0 = Debug|Any CPU
		{F80AC33C-F82C-4055-B673-06B1A1B6130D}.Debug|x64.ActiveCfg = Debug|Any CPU
		{F80AC33C-F82C-4055-B673-06B1A1B6130D}.Debug|x64.Build.0 = Debug|Any CPU
		{F80AC33C-F82C-4055-B673-06B1A1B6130D}.Debug|x86.ActiveCfg = Debug|Any CPU
		{F80AC33C-F82C-4055-B673-06B1A1B6130D}.Debug|x86.Build.0 = Debug|Any CPU
		{F80AC33C-F82C-4055-B673-06B1A1B6130D}.Release|Any CPU.ActiveCfg = Release|Any CPU
		{F80AC33C-F82C-4055-B673-06B1A1B6130D}.Release|Any CPU.Build.0 = Release|Any CPU
		{F80AC33C-F82C-4055-B673-06B1A1B6130D}.Release|x64.ActiveCfg = Release|Any CPU
		{F80AC33C-F82C-4055-B673-06B1A1B6130D}.Release|x64.Build.0 = Release|Any CPU
		{F80AC33C-F82C-4055-B673-06B1A1B6130D}.Release|x86.ActiveCfg = Release|Any CPU
		{F80AC33C-F82C-4055-B673-06B1A1B6130D}.Release|x86.Build.0 = Release|Any CPU
		{964CAC62-15EB-4C92-8D70-58E152422DFE}.Debug|Any CPU.ActiveCfg = Debug|Any CPU
		{964CAC62-15EB-4C92-8D70-58E152422DFE}.Debug|Any CPU.Build.0 = Debug|Any CPU
		{964CAC62-15EB-4C92-8D70-58E152422DFE}.Debug|x64.ActiveCfg = Debug|Any CPU
		{964CAC62-15EB-4C92-8D70-58E152422DFE}.Debug|x64.Build.0 = Debug|Any CPU
		{964CAC62-15EB-4C92-8D70-58E152422DFE}.Debug|x86.ActiveCfg = Debug|Any CPU
		{964CAC62-15EB-4C92-8D70-58E152422DFE}.Debug|x86.Build.0 = Debug|Any CPU
		{964CAC62-15EB-4C92-8D70-58E152422DFE}.Release|Any CPU.ActiveCfg = Release|Any CPU
		{964CAC62-15EB-4C92-8D70-58E152422DFE}.Release|Any CPU.Build.0 = Release|Any CPU
		{964CAC62-15EB-4C92-8D70-58E152422DFE}.Release|x64.ActiveCfg = Release|Any CPU
		{964CAC62-15EB-4C92-8D70-58E152422DFE}.Release|x64.Build.0 = Release|Any CPU
		{964CAC62-15EB-4C92-8D70-58E152422DFE}.Release|x86.ActiveCfg = Release|Any CPU
		{964CAC62-15EB-4C92-8D70-58E152422DFE}.Release|x86.Build.0 = Release|Any CPU
		{740A496A-8346-4BE9-8B7D-135A3D43158C}.Debug|Any CPU.ActiveCfg = Debug|Any CPU
		{740A496A-8346-4BE9-8B7D-135A3D43158C}.Debug|Any CPU.Build.0 = Debug|Any CPU
		{740A496A-8346-4BE9-8B7D-135A3D43158C}.Debug|x64.ActiveCfg = Debug|Any CPU
		{740A496A-8346-4BE9-8B7D-135A3D43158C}.Debug|x64.Build.0 = Debug|Any CPU
		{740A496A-8346-4BE9-8B7D-135A3D43158C}.Debug|x86.ActiveCfg = Debug|Any CPU
		{740A496A-8346-4BE9-8B7D-135A3D43158C}.Debug|x86.Build.0 = Debug|Any CPU
		{740A496A-8346-4BE9-8B7D-135A3D43158C}.Release|Any CPU.ActiveCfg = Release|Any CPU
		{740A496A-8346-4BE9-8B7D-135A3D43158C}.Release|Any CPU.Build.0 = Release|Any CPU
		{740A496A-8346-4BE9-8B7D-135A3D43158C}.Release|x64.ActiveCfg = Release|Any CPU
		{740A496A-8346-4BE9-8B7D-135A3D43158C}.Release|x64.Build.0 = Release|Any CPU
		{740A496A-8346-4BE9-8B7D-135A3D43158C}.Release|x86.ActiveCfg = Release|Any CPU
		{740A496A-8346-4BE9-8B7D-135A3D43158C}.Release|x86.Build.0 = Release|Any CPU
		{09E95973-97E7-4CF0-8C33-0550D5781565}.Debug|Any CPU.ActiveCfg = Debug|Any CPU
		{09E95973-97E7-4CF0-8C33-0550D5781565}.Debug|Any CPU.Build.0 = Debug|Any CPU
		{09E95973-97E7-4CF0-8C33-0550D5781565}.Debug|x64.ActiveCfg = Debug|Any CPU
		{09E95973-97E7-4CF0-8C33-0550D5781565}.Debug|x64.Build.0 = Debug|Any CPU
		{09E95973-97E7-4CF0-8C33-0550D5781565}.Debug|x86.ActiveCfg = Debug|Any CPU
		{09E95973-97E7-4CF0-8C33-0550D5781565}.Debug|x86.Build.0 = Debug|Any CPU
		{09E95973-97E7-4CF0-8C33-0550D5781565}.Release|Any CPU.ActiveCfg = Release|Any CPU
		{09E95973-97E7-4CF0-8C33-0550D5781565}.Release|Any CPU.Build.0 = Release|Any CPU
		{09E95973-97E7-4CF0-8C33-0550D5781565}.Release|x64.ActiveCfg = Release|Any CPU
		{09E95973-97E7-4CF0-8C33-0550D5781565}.Release|x64.Build.0 = Release|Any CPU
		{09E95973-97E7-4CF0-8C33-0550D5781565}.Release|x86.ActiveCfg = Release|Any CPU
		{09E95973-97E7-4CF0-8C33-0550D5781565}.Release|x86.Build.0 = Release|Any CPU
		{18E895E9-6D60-4ED8-BBF1-0C25ABCCACF4}.Debug|Any CPU.ActiveCfg = Debug|Any CPU
		{18E895E9-6D60-4ED8-BBF1-0C25ABCCACF4}.Debug|Any CPU.Build.0 = Debug|Any CPU
		{18E895E9-6D60-4ED8-BBF1-0C25ABCCACF4}.Debug|x64.ActiveCfg = Debug|Any CPU
		{18E895E9-6D60-4ED8-BBF1-0C25ABCCACF4}.Debug|x64.Build.0 = Debug|Any CPU
		{18E895E9-6D60-4ED8-BBF1-0C25ABCCACF4}.Debug|x86.ActiveCfg = Debug|Any CPU
		{18E895E9-6D60-4ED8-BBF1-0C25ABCCACF4}.Debug|x86.Build.0 = Debug|Any CPU
		{18E895E9-6D60-4ED8-BBF1-0C25ABCCACF4}.Release|Any CPU.ActiveCfg = Release|Any CPU
		{18E895E9-6D60-4ED8-BBF1-0C25ABCCACF4}.Release|Any CPU.Build.0 = Release|Any CPU
		{18E895E9-6D60-4ED8-BBF1-0C25ABCCACF4}.Release|x64.ActiveCfg = Release|Any CPU
		{18E895E9-6D60-4ED8-BBF1-0C25ABCCACF4}.Release|x64.Build.0 = Release|Any CPU
		{18E895E9-6D60-4ED8-BBF1-0C25ABCCACF4}.Release|x86.ActiveCfg = Release|Any CPU
		{18E895E9-6D60-4ED8-BBF1-0C25ABCCACF4}.Release|x86.Build.0 = Release|Any CPU
		{2EC4DD0C-6409-4F1F-9337-1FB99D54F054}.Debug|Any CPU.ActiveCfg = Debug|Any CPU
		{2EC4DD0C-6409-4F1F-9337-1FB99D54F054}.Debug|Any CPU.Build.0 = Debug|Any CPU
		{2EC4DD0C-6409-4F1F-9337-1FB99D54F054}.Debug|x64.ActiveCfg = Debug|Any CPU
		{2EC4DD0C-6409-4F1F-9337-1FB99D54F054}.Debug|x64.Build.0 = Debug|Any CPU
		{2EC4DD0C-6409-4F1F-9337-1FB99D54F054}.Debug|x86.ActiveCfg = Debug|Any CPU
		{2EC4DD0C-6409-4F1F-9337-1FB99D54F054}.Debug|x86.Build.0 = Debug|Any CPU
		{2EC4DD0C-6409-4F1F-9337-1FB99D54F054}.Release|Any CPU.ActiveCfg = Release|Any CPU
		{2EC4DD0C-6409-4F1F-9337-1FB99D54F054}.Release|Any CPU.Build.0 = Release|Any CPU
		{2EC4DD0C-6409-4F1F-9337-1FB99D54F054}.Release|x64.ActiveCfg = Release|Any CPU
		{2EC4DD0C-6409-4F1F-9337-1FB99D54F054}.Release|x64.Build.0 = Release|Any CPU
		{2EC4DD0C-6409-4F1F-9337-1FB99D54F054}.Release|x86.ActiveCfg = Release|Any CPU
		{2EC4DD0C-6409-4F1F-9337-1FB99D54F054}.Release|x86.Build.0 = Release|Any CPU
		{C719D15D-3DEE-442D-96C4-66379B8CF4FA}.Debug|Any CPU.ActiveCfg = Debug|Any CPU
		{C719D15D-3DEE-442D-96C4-66379B8CF4FA}.Debug|Any CPU.Build.0 = Debug|Any CPU
		{C719D15D-3DEE-442D-96C4-66379B8CF4FA}.Debug|x64.ActiveCfg = Debug|Any CPU
		{C719D15D-3DEE-442D-96C4-66379B8CF4FA}.Debug|x64.Build.0 = Debug|Any CPU
		{C719D15D-3DEE-442D-96C4-66379B8CF4FA}.Debug|x86.ActiveCfg = Debug|Any CPU
		{C719D15D-3DEE-442D-96C4-66379B8CF4FA}.Debug|x86.Build.0 = Debug|Any CPU
		{C719D15D-3DEE-442D-96C4-66379B8CF4FA}.Release|Any CPU.ActiveCfg = Release|Any CPU
		{C719D15D-3DEE-442D-96C4-66379B8CF4FA}.Release|Any CPU.Build.0 = Release|Any CPU
		{C719D15D-3DEE-442D-96C4-66379B8CF4FA}.Release|x64.ActiveCfg = Release|Any CPU
		{C719D15D-3DEE-442D-96C4-66379B8CF4FA}.Release|x64.Build.0 = Release|Any CPU
		{C719D15D-3DEE-442D-96C4-66379B8CF4FA}.Release|x86.ActiveCfg = Release|Any CPU
		{C719D15D-3DEE-442D-96C4-66379B8CF4FA}.Release|x86.Build.0 = Release|Any CPU
		{AC1F043D-C834-4205-A185-85A1D3B1C6A6}.Debug|Any CPU.ActiveCfg = Debug|Any CPU
		{AC1F043D-C834-4205-A185-85A1D3B1C6A6}.Debug|Any CPU.Build.0 = Debug|Any CPU
		{AC1F043D-C834-4205-A185-85A1D3B1C6A6}.Debug|x64.ActiveCfg = Debug|Any CPU
		{AC1F043D-C834-4205-A185-85A1D3B1C6A6}.Debug|x64.Build.0 = Debug|Any CPU
		{AC1F043D-C834-4205-A185-85A1D3B1C6A6}.Debug|x86.ActiveCfg = Debug|Any CPU
		{AC1F043D-C834-4205-A185-85A1D3B1C6A6}.Debug|x86.Build.0 = Debug|Any CPU
		{AC1F043D-C834-4205-A185-85A1D3B1C6A6}.Release|Any CPU.ActiveCfg = Release|Any CPU
		{AC1F043D-C834-4205-A185-85A1D3B1C6A6}.Release|Any CPU.Build.0 = Release|Any CPU
		{AC1F043D-C834-4205-A185-85A1D3B1C6A6}.Release|x64.ActiveCfg = Release|Any CPU
		{AC1F043D-C834-4205-A185-85A1D3B1C6A6}.Release|x64.Build.0 = Release|Any CPU
		{AC1F043D-C834-4205-A185-85A1D3B1C6A6}.Release|x86.ActiveCfg = Release|Any CPU
		{AC1F043D-C834-4205-A185-85A1D3B1C6A6}.Release|x86.Build.0 = Release|Any CPU
		{CF93E77C-65F3-40C4-9034-5F6E524BE5BC}.Debug|Any CPU.ActiveCfg = Debug|Any CPU
		{CF93E77C-65F3-40C4-9034-5F6E524BE5BC}.Debug|Any CPU.Build.0 = Debug|Any CPU
		{CF93E77C-65F3-40C4-9034-5F6E524BE5BC}.Debug|x64.ActiveCfg = Debug|Any CPU
		{CF93E77C-65F3-40C4-9034-5F6E524BE5BC}.Debug|x64.Build.0 = Debug|Any CPU
		{CF93E77C-65F3-40C4-9034-5F6E524BE5BC}.Debug|x86.ActiveCfg = Debug|Any CPU
		{CF93E77C-65F3-40C4-9034-5F6E524BE5BC}.Debug|x86.Build.0 = Debug|Any CPU
		{CF93E77C-65F3-40C4-9034-5F6E524BE5BC}.Release|Any CPU.ActiveCfg = Release|Any CPU
		{CF93E77C-65F3-40C4-9034-5F6E524BE5BC}.Release|Any CPU.Build.0 = Release|Any CPU
		{CF93E77C-65F3-40C4-9034-5F6E524BE5BC}.Release|x64.ActiveCfg = Release|Any CPU
		{CF93E77C-65F3-40C4-9034-5F6E524BE5BC}.Release|x64.Build.0 = Release|Any CPU
		{CF93E77C-65F3-40C4-9034-5F6E524BE5BC}.Release|x86.ActiveCfg = Release|Any CPU
		{CF93E77C-65F3-40C4-9034-5F6E524BE5BC}.Release|x86.Build.0 = Release|Any CPU
		{14401C82-D574-4081-9402-D2D6221B4225}.Debug|Any CPU.ActiveCfg = Debug|Any CPU
		{14401C82-D574-4081-9402-D2D6221B4225}.Debug|Any CPU.Build.0 = Debug|Any CPU
		{14401C82-D574-4081-9402-D2D6221B4225}.Debug|x64.ActiveCfg = Debug|Any CPU
		{14401C82-D574-4081-9402-D2D6221B4225}.Debug|x64.Build.0 = Debug|Any CPU
		{14401C82-D574-4081-9402-D2D6221B4225}.Debug|x86.ActiveCfg = Debug|Any CPU
		{14401C82-D574-4081-9402-D2D6221B4225}.Debug|x86.Build.0 = Debug|Any CPU
		{14401C82-D574-4081-9402-D2D6221B4225}.Release|Any CPU.ActiveCfg = Release|Any CPU
		{14401C82-D574-4081-9402-D2D6221B4225}.Release|Any CPU.Build.0 = Release|Any CPU
		{14401C82-D574-4081-9402-D2D6221B4225}.Release|x64.ActiveCfg = Release|Any CPU
		{14401C82-D574-4081-9402-D2D6221B4225}.Release|x64.Build.0 = Release|Any CPU
		{14401C82-D574-4081-9402-D2D6221B4225}.Release|x86.ActiveCfg = Release|Any CPU
		{14401C82-D574-4081-9402-D2D6221B4225}.Release|x86.Build.0 = Release|Any CPU
		{1EE7E2F3-CC2A-4ED1-9006-6001F01D1615}.Debug|Any CPU.ActiveCfg = Debug|Any CPU
		{1EE7E2F3-CC2A-4ED1-9006-6001F01D1615}.Debug|Any CPU.Build.0 = Debug|Any CPU
		{1EE7E2F3-CC2A-4ED1-9006-6001F01D1615}.Debug|x64.ActiveCfg = Debug|Any CPU
		{1EE7E2F3-CC2A-4ED1-9006-6001F01D1615}.Debug|x64.Build.0 = Debug|Any CPU
		{1EE7E2F3-CC2A-4ED1-9006-6001F01D1615}.Debug|x86.ActiveCfg = Debug|Any CPU
		{1EE7E2F3-CC2A-4ED1-9006-6001F01D1615}.Debug|x86.Build.0 = Debug|Any CPU
		{1EE7E2F3-CC2A-4ED1-9006-6001F01D1615}.Release|Any CPU.ActiveCfg = Release|Any CPU
		{1EE7E2F3-CC2A-4ED1-9006-6001F01D1615}.Release|Any CPU.Build.0 = Release|Any CPU
		{1EE7E2F3-CC2A-4ED1-9006-6001F01D1615}.Release|x64.ActiveCfg = Release|Any CPU
		{1EE7E2F3-CC2A-4ED1-9006-6001F01D1615}.Release|x64.Build.0 = Release|Any CPU
		{1EE7E2F3-CC2A-4ED1-9006-6001F01D1615}.Release|x86.ActiveCfg = Release|Any CPU
		{1EE7E2F3-CC2A-4ED1-9006-6001F01D1615}.Release|x86.Build.0 = Release|Any CPU
		{8D98EF4F-9FB7-400E-B5A8-01BB9BB72AE2}.Debug|Any CPU.ActiveCfg = Debug|Any CPU
		{8D98EF4F-9FB7-400E-B5A8-01BB9BB72AE2}.Debug|Any CPU.Build.0 = Debug|Any CPU
		{8D98EF4F-9FB7-400E-B5A8-01BB9BB72AE2}.Debug|x64.ActiveCfg = Debug|Any CPU
		{8D98EF4F-9FB7-400E-B5A8-01BB9BB72AE2}.Debug|x64.Build.0 = Debug|Any CPU
		{8D98EF4F-9FB7-400E-B5A8-01BB9BB72AE2}.Debug|x86.ActiveCfg = Debug|Any CPU
		{8D98EF4F-9FB7-400E-B5A8-01BB9BB72AE2}.Debug|x86.Build.0 = Debug|Any CPU
		{8D98EF4F-9FB7-400E-B5A8-01BB9BB72AE2}.Release|Any CPU.ActiveCfg = Release|Any CPU
		{8D98EF4F-9FB7-400E-B5A8-01BB9BB72AE2}.Release|Any CPU.Build.0 = Release|Any CPU
		{8D98EF4F-9FB7-400E-B5A8-01BB9BB72AE2}.Release|x64.ActiveCfg = Release|Any CPU
		{8D98EF4F-9FB7-400E-B5A8-01BB9BB72AE2}.Release|x64.Build.0 = Release|Any CPU
		{8D98EF4F-9FB7-400E-B5A8-01BB9BB72AE2}.Release|x86.ActiveCfg = Release|Any CPU
		{8D98EF4F-9FB7-400E-B5A8-01BB9BB72AE2}.Release|x86.Build.0 = Release|Any CPU
		{355D05D5-CFFD-4ECF-94DB-7AEDFA5078DD}.Debug|Any CPU.ActiveCfg = Debug|Any CPU
		{355D05D5-CFFD-4ECF-94DB-7AEDFA5078DD}.Debug|Any CPU.Build.0 = Debug|Any CPU
		{355D05D5-CFFD-4ECF-94DB-7AEDFA5078DD}.Debug|x64.ActiveCfg = Debug|Any CPU
		{355D05D5-CFFD-4ECF-94DB-7AEDFA5078DD}.Debug|x64.Build.0 = Debug|Any CPU
		{355D05D5-CFFD-4ECF-94DB-7AEDFA5078DD}.Debug|x86.ActiveCfg = Debug|Any CPU
		{355D05D5-CFFD-4ECF-94DB-7AEDFA5078DD}.Debug|x86.Build.0 = Debug|Any CPU
		{355D05D5-CFFD-4ECF-94DB-7AEDFA5078DD}.Release|Any CPU.ActiveCfg = Release|Any CPU
		{355D05D5-CFFD-4ECF-94DB-7AEDFA5078DD}.Release|Any CPU.Build.0 = Release|Any CPU
		{355D05D5-CFFD-4ECF-94DB-7AEDFA5078DD}.Release|x64.ActiveCfg = Release|Any CPU
		{355D05D5-CFFD-4ECF-94DB-7AEDFA5078DD}.Release|x64.Build.0 = Release|Any CPU
		{355D05D5-CFFD-4ECF-94DB-7AEDFA5078DD}.Release|x86.ActiveCfg = Release|Any CPU
		{355D05D5-CFFD-4ECF-94DB-7AEDFA5078DD}.Release|x86.Build.0 = Release|Any CPU
		{B27C7156-0794-473E-9EEA-C79DD72D7A36}.Debug|Any CPU.ActiveCfg = Debug|Any CPU
		{B27C7156-0794-473E-9EEA-C79DD72D7A36}.Debug|Any CPU.Build.0 = Debug|Any CPU
		{B27C7156-0794-473E-9EEA-C79DD72D7A36}.Debug|x64.ActiveCfg = Debug|Any CPU
		{B27C7156-0794-473E-9EEA-C79DD72D7A36}.Debug|x64.Build.0 = Debug|Any CPU
		{B27C7156-0794-473E-9EEA-C79DD72D7A36}.Debug|x86.ActiveCfg = Debug|Any CPU
		{B27C7156-0794-473E-9EEA-C79DD72D7A36}.Debug|x86.Build.0 = Debug|Any CPU
		{B27C7156-0794-473E-9EEA-C79DD72D7A36}.Release|Any CPU.ActiveCfg = Release|Any CPU
		{B27C7156-0794-473E-9EEA-C79DD72D7A36}.Release|Any CPU.Build.0 = Release|Any CPU
		{B27C7156-0794-473E-9EEA-C79DD72D7A36}.Release|x64.ActiveCfg = Release|Any CPU
		{B27C7156-0794-473E-9EEA-C79DD72D7A36}.Release|x64.Build.0 = Release|Any CPU
		{B27C7156-0794-473E-9EEA-C79DD72D7A36}.Release|x86.ActiveCfg = Release|Any CPU
		{B27C7156-0794-473E-9EEA-C79DD72D7A36}.Release|x86.Build.0 = Release|Any CPU
		{8F344BA4-521A-4165-85DA-BFE050848470}.Debug|Any CPU.ActiveCfg = Debug|Any CPU
		{8F344BA4-521A-4165-85DA-BFE050848470}.Debug|Any CPU.Build.0 = Debug|Any CPU
		{8F344BA4-521A-4165-85DA-BFE050848470}.Debug|x64.ActiveCfg = Debug|Any CPU
		{8F344BA4-521A-4165-85DA-BFE050848470}.Debug|x64.Build.0 = Debug|Any CPU
		{8F344BA4-521A-4165-85DA-BFE050848470}.Debug|x86.ActiveCfg = Debug|Any CPU
		{8F344BA4-521A-4165-85DA-BFE050848470}.Debug|x86.Build.0 = Debug|Any CPU
		{8F344BA4-521A-4165-85DA-BFE050848470}.Release|Any CPU.ActiveCfg = Release|Any CPU
		{8F344BA4-521A-4165-85DA-BFE050848470}.Release|Any CPU.Build.0 = Release|Any CPU
		{8F344BA4-521A-4165-85DA-BFE050848470}.Release|x64.ActiveCfg = Release|Any CPU
		{8F344BA4-521A-4165-85DA-BFE050848470}.Release|x64.Build.0 = Release|Any CPU
		{8F344BA4-521A-4165-85DA-BFE050848470}.Release|x86.ActiveCfg = Release|Any CPU
		{8F344BA4-521A-4165-85DA-BFE050848470}.Release|x86.Build.0 = Release|Any CPU
		{80C6EE41-8AEC-4681-9E3C-053356C95F1E}.Debug|Any CPU.ActiveCfg = Debug|Any CPU
		{80C6EE41-8AEC-4681-9E3C-053356C95F1E}.Debug|Any CPU.Build.0 = Debug|Any CPU
		{80C6EE41-8AEC-4681-9E3C-053356C95F1E}.Debug|x64.ActiveCfg = Debug|Any CPU
		{80C6EE41-8AEC-4681-9E3C-053356C95F1E}.Debug|x64.Build.0 = Debug|Any CPU
		{80C6EE41-8AEC-4681-9E3C-053356C95F1E}.Debug|x86.ActiveCfg = Debug|Any CPU
		{80C6EE41-8AEC-4681-9E3C-053356C95F1E}.Debug|x86.Build.0 = Debug|Any CPU
		{80C6EE41-8AEC-4681-9E3C-053356C95F1E}.Release|Any CPU.ActiveCfg = Release|Any CPU
		{80C6EE41-8AEC-4681-9E3C-053356C95F1E}.Release|Any CPU.Build.0 = Release|Any CPU
		{80C6EE41-8AEC-4681-9E3C-053356C95F1E}.Release|x64.ActiveCfg = Release|Any CPU
		{80C6EE41-8AEC-4681-9E3C-053356C95F1E}.Release|x64.Build.0 = Release|Any CPU
		{80C6EE41-8AEC-4681-9E3C-053356C95F1E}.Release|x86.ActiveCfg = Release|Any CPU
		{80C6EE41-8AEC-4681-9E3C-053356C95F1E}.Release|x86.Build.0 = Release|Any CPU
		{86B70B8A-A777-47D3-9CC5-F8E0D256C104}.Debug|Any CPU.ActiveCfg = Debug|Any CPU
		{86B70B8A-A777-47D3-9CC5-F8E0D256C104}.Debug|Any CPU.Build.0 = Debug|Any CPU
		{86B70B8A-A777-47D3-9CC5-F8E0D256C104}.Debug|x64.ActiveCfg = Debug|Any CPU
		{86B70B8A-A777-47D3-9CC5-F8E0D256C104}.Debug|x64.Build.0 = Debug|Any CPU
		{86B70B8A-A777-47D3-9CC5-F8E0D256C104}.Debug|x86.ActiveCfg = Debug|Any CPU
		{86B70B8A-A777-47D3-9CC5-F8E0D256C104}.Debug|x86.Build.0 = Debug|Any CPU
		{86B70B8A-A777-47D3-9CC5-F8E0D256C104}.Release|Any CPU.ActiveCfg = Release|Any CPU
		{86B70B8A-A777-47D3-9CC5-F8E0D256C104}.Release|Any CPU.Build.0 = Release|Any CPU
		{86B70B8A-A777-47D3-9CC5-F8E0D256C104}.Release|x64.ActiveCfg = Release|Any CPU
		{86B70B8A-A777-47D3-9CC5-F8E0D256C104}.Release|x64.Build.0 = Release|Any CPU
		{86B70B8A-A777-47D3-9CC5-F8E0D256C104}.Release|x86.ActiveCfg = Release|Any CPU
		{86B70B8A-A777-47D3-9CC5-F8E0D256C104}.Release|x86.Build.0 = Release|Any CPU
		{77890A87-9556-4DE0-8F1C-6C40E6C92747}.Debug|Any CPU.ActiveCfg = Debug|Any CPU
		{77890A87-9556-4DE0-8F1C-6C40E6C92747}.Debug|Any CPU.Build.0 = Debug|Any CPU
		{77890A87-9556-4DE0-8F1C-6C40E6C92747}.Debug|x64.ActiveCfg = Debug|Any CPU
		{77890A87-9556-4DE0-8F1C-6C40E6C92747}.Debug|x64.Build.0 = Debug|Any CPU
		{77890A87-9556-4DE0-8F1C-6C40E6C92747}.Debug|x86.ActiveCfg = Debug|Any CPU
		{77890A87-9556-4DE0-8F1C-6C40E6C92747}.Debug|x86.Build.0 = Debug|Any CPU
		{77890A87-9556-4DE0-8F1C-6C40E6C92747}.Release|Any CPU.ActiveCfg = Release|Any CPU
		{77890A87-9556-4DE0-8F1C-6C40E6C92747}.Release|Any CPU.Build.0 = Release|Any CPU
		{77890A87-9556-4DE0-8F1C-6C40E6C92747}.Release|x64.ActiveCfg = Release|Any CPU
		{77890A87-9556-4DE0-8F1C-6C40E6C92747}.Release|x64.Build.0 = Release|Any CPU
		{77890A87-9556-4DE0-8F1C-6C40E6C92747}.Release|x86.ActiveCfg = Release|Any CPU
		{77890A87-9556-4DE0-8F1C-6C40E6C92747}.Release|x86.Build.0 = Release|Any CPU
		{9D57917D-6075-43E4-AB4F-A0292F42A740}.Debug|Any CPU.ActiveCfg = Debug|Any CPU
		{9D57917D-6075-43E4-AB4F-A0292F42A740}.Debug|Any CPU.Build.0 = Debug|Any CPU
		{9D57917D-6075-43E4-AB4F-A0292F42A740}.Debug|x64.ActiveCfg = Debug|Any CPU
		{9D57917D-6075-43E4-AB4F-A0292F42A740}.Debug|x64.Build.0 = Debug|Any CPU
		{9D57917D-6075-43E4-AB4F-A0292F42A740}.Debug|x86.ActiveCfg = Debug|Any CPU
		{9D57917D-6075-43E4-AB4F-A0292F42A740}.Debug|x86.Build.0 = Debug|Any CPU
		{9D57917D-6075-43E4-AB4F-A0292F42A740}.Release|Any CPU.ActiveCfg = Release|Any CPU
		{9D57917D-6075-43E4-AB4F-A0292F42A740}.Release|Any CPU.Build.0 = Release|Any CPU
		{9D57917D-6075-43E4-AB4F-A0292F42A740}.Release|x64.ActiveCfg = Release|Any CPU
		{9D57917D-6075-43E4-AB4F-A0292F42A740}.Release|x64.Build.0 = Release|Any CPU
		{9D57917D-6075-43E4-AB4F-A0292F42A740}.Release|x86.ActiveCfg = Release|Any CPU
		{9D57917D-6075-43E4-AB4F-A0292F42A740}.Release|x86.Build.0 = Release|Any CPU
		{B438CE5C-1AC8-4210-968E-FF507991DA09}.Debug|Any CPU.ActiveCfg = Debug|Any CPU
		{B438CE5C-1AC8-4210-968E-FF507991DA09}.Debug|Any CPU.Build.0 = Debug|Any CPU
		{B438CE5C-1AC8-4210-968E-FF507991DA09}.Debug|x64.ActiveCfg = Debug|Any CPU
		{B438CE5C-1AC8-4210-968E-FF507991DA09}.Debug|x64.Build.0 = Debug|Any CPU
		{B438CE5C-1AC8-4210-968E-FF507991DA09}.Debug|x86.ActiveCfg = Debug|Any CPU
		{B438CE5C-1AC8-4210-968E-FF507991DA09}.Debug|x86.Build.0 = Debug|Any CPU
		{B438CE5C-1AC8-4210-968E-FF507991DA09}.Release|Any CPU.ActiveCfg = Release|Any CPU
		{B438CE5C-1AC8-4210-968E-FF507991DA09}.Release|Any CPU.Build.0 = Release|Any CPU
		{B438CE5C-1AC8-4210-968E-FF507991DA09}.Release|x64.ActiveCfg = Release|Any CPU
		{B438CE5C-1AC8-4210-968E-FF507991DA09}.Release|x64.Build.0 = Release|Any CPU
		{B438CE5C-1AC8-4210-968E-FF507991DA09}.Release|x86.ActiveCfg = Release|Any CPU
		{B438CE5C-1AC8-4210-968E-FF507991DA09}.Release|x86.Build.0 = Release|Any CPU
		{BB1A22FF-C62D-4045-9C3C-0E8BA0E822AC}.Debug|Any CPU.ActiveCfg = Debug|Any CPU
		{BB1A22FF-C62D-4045-9C3C-0E8BA0E822AC}.Debug|Any CPU.Build.0 = Debug|Any CPU
		{BB1A22FF-C62D-4045-9C3C-0E8BA0E822AC}.Debug|x64.ActiveCfg = Debug|Any CPU
		{BB1A22FF-C62D-4045-9C3C-0E8BA0E822AC}.Debug|x64.Build.0 = Debug|Any CPU
		{BB1A22FF-C62D-4045-9C3C-0E8BA0E822AC}.Debug|x86.ActiveCfg = Debug|Any CPU
		{BB1A22FF-C62D-4045-9C3C-0E8BA0E822AC}.Debug|x86.Build.0 = Debug|Any CPU
		{BB1A22FF-C62D-4045-9C3C-0E8BA0E822AC}.Release|Any CPU.ActiveCfg = Release|Any CPU
		{BB1A22FF-C62D-4045-9C3C-0E8BA0E822AC}.Release|Any CPU.Build.0 = Release|Any CPU
		{BB1A22FF-C62D-4045-9C3C-0E8BA0E822AC}.Release|x64.ActiveCfg = Release|Any CPU
		{BB1A22FF-C62D-4045-9C3C-0E8BA0E822AC}.Release|x64.Build.0 = Release|Any CPU
		{BB1A22FF-C62D-4045-9C3C-0E8BA0E822AC}.Release|x86.ActiveCfg = Release|Any CPU
		{BB1A22FF-C62D-4045-9C3C-0E8BA0E822AC}.Release|x86.Build.0 = Release|Any CPU
		{48C2D441-004B-4F2A-99CB-279BC4A2969D}.Debug|Any CPU.ActiveCfg = Debug|Any CPU
		{48C2D441-004B-4F2A-99CB-279BC4A2969D}.Debug|Any CPU.Build.0 = Debug|Any CPU
		{48C2D441-004B-4F2A-99CB-279BC4A2969D}.Debug|x64.ActiveCfg = Debug|Any CPU
		{48C2D441-004B-4F2A-99CB-279BC4A2969D}.Debug|x64.Build.0 = Debug|Any CPU
		{48C2D441-004B-4F2A-99CB-279BC4A2969D}.Debug|x86.ActiveCfg = Debug|Any CPU
		{48C2D441-004B-4F2A-99CB-279BC4A2969D}.Debug|x86.Build.0 = Debug|Any CPU
		{48C2D441-004B-4F2A-99CB-279BC4A2969D}.Release|Any CPU.ActiveCfg = Release|Any CPU
		{48C2D441-004B-4F2A-99CB-279BC4A2969D}.Release|Any CPU.Build.0 = Release|Any CPU
		{48C2D441-004B-4F2A-99CB-279BC4A2969D}.Release|x64.ActiveCfg = Release|Any CPU
		{48C2D441-004B-4F2A-99CB-279BC4A2969D}.Release|x64.Build.0 = Release|Any CPU
		{48C2D441-004B-4F2A-99CB-279BC4A2969D}.Release|x86.ActiveCfg = Release|Any CPU
		{48C2D441-004B-4F2A-99CB-279BC4A2969D}.Release|x86.Build.0 = Release|Any CPU
		{B1678CD1-9AF9-4476-9367-29901D0C730D}.Debug|Any CPU.ActiveCfg = Debug|Any CPU
		{B1678CD1-9AF9-4476-9367-29901D0C730D}.Debug|Any CPU.Build.0 = Debug|Any CPU
		{B1678CD1-9AF9-4476-9367-29901D0C730D}.Debug|x64.ActiveCfg = Debug|Any CPU
		{B1678CD1-9AF9-4476-9367-29901D0C730D}.Debug|x64.Build.0 = Debug|Any CPU
		{B1678CD1-9AF9-4476-9367-29901D0C730D}.Debug|x86.ActiveCfg = Debug|Any CPU
		{B1678CD1-9AF9-4476-9367-29901D0C730D}.Debug|x86.Build.0 = Debug|Any CPU
		{B1678CD1-9AF9-4476-9367-29901D0C730D}.Release|Any CPU.ActiveCfg = Release|Any CPU
		{B1678CD1-9AF9-4476-9367-29901D0C730D}.Release|Any CPU.Build.0 = Release|Any CPU
		{B1678CD1-9AF9-4476-9367-29901D0C730D}.Release|x64.ActiveCfg = Release|Any CPU
		{B1678CD1-9AF9-4476-9367-29901D0C730D}.Release|x64.Build.0 = Release|Any CPU
		{B1678CD1-9AF9-4476-9367-29901D0C730D}.Release|x86.ActiveCfg = Release|Any CPU
		{B1678CD1-9AF9-4476-9367-29901D0C730D}.Release|x86.Build.0 = Release|Any CPU
		{86BCA213-2F56-45F1-8F6F-0C91CBD80CB9}.Debug|Any CPU.ActiveCfg = Debug|Any CPU
		{86BCA213-2F56-45F1-8F6F-0C91CBD80CB9}.Debug|Any CPU.Build.0 = Debug|Any CPU
		{86BCA213-2F56-45F1-8F6F-0C91CBD80CB9}.Debug|x64.ActiveCfg = Debug|Any CPU
		{86BCA213-2F56-45F1-8F6F-0C91CBD80CB9}.Debug|x64.Build.0 = Debug|Any CPU
		{86BCA213-2F56-45F1-8F6F-0C91CBD80CB9}.Debug|x86.ActiveCfg = Debug|Any CPU
		{86BCA213-2F56-45F1-8F6F-0C91CBD80CB9}.Debug|x86.Build.0 = Debug|Any CPU
		{86BCA213-2F56-45F1-8F6F-0C91CBD80CB9}.Release|Any CPU.ActiveCfg = Release|Any CPU
		{86BCA213-2F56-45F1-8F6F-0C91CBD80CB9}.Release|Any CPU.Build.0 = Release|Any CPU
		{86BCA213-2F56-45F1-8F6F-0C91CBD80CB9}.Release|x64.ActiveCfg = Release|Any CPU
		{86BCA213-2F56-45F1-8F6F-0C91CBD80CB9}.Release|x64.Build.0 = Release|Any CPU
		{86BCA213-2F56-45F1-8F6F-0C91CBD80CB9}.Release|x86.ActiveCfg = Release|Any CPU
		{86BCA213-2F56-45F1-8F6F-0C91CBD80CB9}.Release|x86.Build.0 = Release|Any CPU
		{CFD54319-A96B-45EA-9E3A-A3E47B706DD1}.Debug|Any CPU.ActiveCfg = Debug|Any CPU
		{CFD54319-A96B-45EA-9E3A-A3E47B706DD1}.Debug|Any CPU.Build.0 = Debug|Any CPU
		{CFD54319-A96B-45EA-9E3A-A3E47B706DD1}.Debug|x64.ActiveCfg = Debug|Any CPU
		{CFD54319-A96B-45EA-9E3A-A3E47B706DD1}.Debug|x64.Build.0 = Debug|Any CPU
		{CFD54319-A96B-45EA-9E3A-A3E47B706DD1}.Debug|x86.ActiveCfg = Debug|Any CPU
		{CFD54319-A96B-45EA-9E3A-A3E47B706DD1}.Debug|x86.Build.0 = Debug|Any CPU
		{CFD54319-A96B-45EA-9E3A-A3E47B706DD1}.Release|Any CPU.ActiveCfg = Release|Any CPU
		{CFD54319-A96B-45EA-9E3A-A3E47B706DD1}.Release|Any CPU.Build.0 = Release|Any CPU
		{CFD54319-A96B-45EA-9E3A-A3E47B706DD1}.Release|x64.ActiveCfg = Release|Any CPU
		{CFD54319-A96B-45EA-9E3A-A3E47B706DD1}.Release|x64.Build.0 = Release|Any CPU
		{CFD54319-A96B-45EA-9E3A-A3E47B706DD1}.Release|x86.ActiveCfg = Release|Any CPU
		{CFD54319-A96B-45EA-9E3A-A3E47B706DD1}.Release|x86.Build.0 = Release|Any CPU
		{56B0F4FC-7120-4451-B8C5-22F1D0F61E95}.Debug|Any CPU.ActiveCfg = Debug|Any CPU
		{56B0F4FC-7120-4451-B8C5-22F1D0F61E95}.Debug|Any CPU.Build.0 = Debug|Any CPU
		{56B0F4FC-7120-4451-B8C5-22F1D0F61E95}.Debug|x64.ActiveCfg = Debug|Any CPU
		{56B0F4FC-7120-4451-B8C5-22F1D0F61E95}.Debug|x64.Build.0 = Debug|Any CPU
		{56B0F4FC-7120-4451-B8C5-22F1D0F61E95}.Debug|x86.ActiveCfg = Debug|Any CPU
		{56B0F4FC-7120-4451-B8C5-22F1D0F61E95}.Debug|x86.Build.0 = Debug|Any CPU
		{56B0F4FC-7120-4451-B8C5-22F1D0F61E95}.Release|Any CPU.ActiveCfg = Release|Any CPU
		{56B0F4FC-7120-4451-B8C5-22F1D0F61E95}.Release|Any CPU.Build.0 = Release|Any CPU
		{56B0F4FC-7120-4451-B8C5-22F1D0F61E95}.Release|x64.ActiveCfg = Release|Any CPU
		{56B0F4FC-7120-4451-B8C5-22F1D0F61E95}.Release|x64.Build.0 = Release|Any CPU
		{56B0F4FC-7120-4451-B8C5-22F1D0F61E95}.Release|x86.ActiveCfg = Release|Any CPU
		{56B0F4FC-7120-4451-B8C5-22F1D0F61E95}.Release|x86.Build.0 = Release|Any CPU
		{4E30F083-DBA8-4E9B-9FAF-99EFF0755C73}.Debug|Any CPU.ActiveCfg = Debug|Any CPU
		{4E30F083-DBA8-4E9B-9FAF-99EFF0755C73}.Debug|Any CPU.Build.0 = Debug|Any CPU
		{4E30F083-DBA8-4E9B-9FAF-99EFF0755C73}.Debug|x64.ActiveCfg = Debug|Any CPU
		{4E30F083-DBA8-4E9B-9FAF-99EFF0755C73}.Debug|x64.Build.0 = Debug|Any CPU
		{4E30F083-DBA8-4E9B-9FAF-99EFF0755C73}.Debug|x86.ActiveCfg = Debug|Any CPU
		{4E30F083-DBA8-4E9B-9FAF-99EFF0755C73}.Debug|x86.Build.0 = Debug|Any CPU
		{4E30F083-DBA8-4E9B-9FAF-99EFF0755C73}.Release|Any CPU.ActiveCfg = Release|Any CPU
		{4E30F083-DBA8-4E9B-9FAF-99EFF0755C73}.Release|Any CPU.Build.0 = Release|Any CPU
		{4E30F083-DBA8-4E9B-9FAF-99EFF0755C73}.Release|x64.ActiveCfg = Release|Any CPU
		{4E30F083-DBA8-4E9B-9FAF-99EFF0755C73}.Release|x64.Build.0 = Release|Any CPU
		{4E30F083-DBA8-4E9B-9FAF-99EFF0755C73}.Release|x86.ActiveCfg = Release|Any CPU
		{4E30F083-DBA8-4E9B-9FAF-99EFF0755C73}.Release|x86.Build.0 = Release|Any CPU
		{10CFF7F7-9492-450C-A4A1-75A4CBC50034}.Debug|Any CPU.ActiveCfg = Debug|Any CPU
		{10CFF7F7-9492-450C-A4A1-75A4CBC50034}.Debug|Any CPU.Build.0 = Debug|Any CPU
		{10CFF7F7-9492-450C-A4A1-75A4CBC50034}.Debug|x64.ActiveCfg = Debug|Any CPU
		{10CFF7F7-9492-450C-A4A1-75A4CBC50034}.Debug|x64.Build.0 = Debug|Any CPU
		{10CFF7F7-9492-450C-A4A1-75A4CBC50034}.Debug|x86.ActiveCfg = Debug|Any CPU
		{10CFF7F7-9492-450C-A4A1-75A4CBC50034}.Debug|x86.Build.0 = Debug|Any CPU
		{10CFF7F7-9492-450C-A4A1-75A4CBC50034}.Release|Any CPU.ActiveCfg = Release|Any CPU
		{10CFF7F7-9492-450C-A4A1-75A4CBC50034}.Release|Any CPU.Build.0 = Release|Any CPU
		{10CFF7F7-9492-450C-A4A1-75A4CBC50034}.Release|x64.ActiveCfg = Release|Any CPU
		{10CFF7F7-9492-450C-A4A1-75A4CBC50034}.Release|x64.Build.0 = Release|Any CPU
		{10CFF7F7-9492-450C-A4A1-75A4CBC50034}.Release|x86.ActiveCfg = Release|Any CPU
		{10CFF7F7-9492-450C-A4A1-75A4CBC50034}.Release|x86.Build.0 = Release|Any CPU
		{D5549B35-EB37-4F5D-BC17-526C205025E7}.Debug|Any CPU.ActiveCfg = Debug|Any CPU
		{D5549B35-EB37-4F5D-BC17-526C205025E7}.Debug|Any CPU.Build.0 = Debug|Any CPU
		{D5549B35-EB37-4F5D-BC17-526C205025E7}.Debug|x64.ActiveCfg = Debug|Any CPU
		{D5549B35-EB37-4F5D-BC17-526C205025E7}.Debug|x64.Build.0 = Debug|Any CPU
		{D5549B35-EB37-4F5D-BC17-526C205025E7}.Debug|x86.ActiveCfg = Debug|Any CPU
		{D5549B35-EB37-4F5D-BC17-526C205025E7}.Debug|x86.Build.0 = Debug|Any CPU
		{D5549B35-EB37-4F5D-BC17-526C205025E7}.Release|Any CPU.ActiveCfg = Release|Any CPU
		{D5549B35-EB37-4F5D-BC17-526C205025E7}.Release|Any CPU.Build.0 = Release|Any CPU
		{D5549B35-EB37-4F5D-BC17-526C205025E7}.Release|x64.ActiveCfg = Release|Any CPU
		{D5549B35-EB37-4F5D-BC17-526C205025E7}.Release|x64.Build.0 = Release|Any CPU
		{D5549B35-EB37-4F5D-BC17-526C205025E7}.Release|x86.ActiveCfg = Release|Any CPU
		{D5549B35-EB37-4F5D-BC17-526C205025E7}.Release|x86.Build.0 = Release|Any CPU
		{E6E8C7B3-BB8C-446C-8EF8-C2A2FCA13375}.Debug|Any CPU.ActiveCfg = Debug|Any CPU
		{E6E8C7B3-BB8C-446C-8EF8-C2A2FCA13375}.Debug|Any CPU.Build.0 = Debug|Any CPU
		{E6E8C7B3-BB8C-446C-8EF8-C2A2FCA13375}.Debug|x64.ActiveCfg = Debug|Any CPU
		{E6E8C7B3-BB8C-446C-8EF8-C2A2FCA13375}.Debug|x64.Build.0 = Debug|Any CPU
		{E6E8C7B3-BB8C-446C-8EF8-C2A2FCA13375}.Debug|x86.ActiveCfg = Debug|Any CPU
		{E6E8C7B3-BB8C-446C-8EF8-C2A2FCA13375}.Debug|x86.Build.0 = Debug|Any CPU
		{E6E8C7B3-BB8C-446C-8EF8-C2A2FCA13375}.Release|Any CPU.ActiveCfg = Release|Any CPU
		{E6E8C7B3-BB8C-446C-8EF8-C2A2FCA13375}.Release|Any CPU.Build.0 = Release|Any CPU
		{E6E8C7B3-BB8C-446C-8EF8-C2A2FCA13375}.Release|x64.ActiveCfg = Release|Any CPU
		{E6E8C7B3-BB8C-446C-8EF8-C2A2FCA13375}.Release|x64.Build.0 = Release|Any CPU
		{E6E8C7B3-BB8C-446C-8EF8-C2A2FCA13375}.Release|x86.ActiveCfg = Release|Any CPU
		{E6E8C7B3-BB8C-446C-8EF8-C2A2FCA13375}.Release|x86.Build.0 = Release|Any CPU
		{ABF2DCF4-2CCD-4DCC-9486-2BFBB0C34A33}.Debug|Any CPU.ActiveCfg = Debug|Any CPU
		{ABF2DCF4-2CCD-4DCC-9486-2BFBB0C34A33}.Debug|Any CPU.Build.0 = Debug|Any CPU
		{ABF2DCF4-2CCD-4DCC-9486-2BFBB0C34A33}.Debug|x64.ActiveCfg = Debug|Any CPU
		{ABF2DCF4-2CCD-4DCC-9486-2BFBB0C34A33}.Debug|x64.Build.0 = Debug|Any CPU
		{ABF2DCF4-2CCD-4DCC-9486-2BFBB0C34A33}.Debug|x86.ActiveCfg = Debug|Any CPU
		{ABF2DCF4-2CCD-4DCC-9486-2BFBB0C34A33}.Debug|x86.Build.0 = Debug|Any CPU
		{ABF2DCF4-2CCD-4DCC-9486-2BFBB0C34A33}.Release|Any CPU.ActiveCfg = Release|Any CPU
		{ABF2DCF4-2CCD-4DCC-9486-2BFBB0C34A33}.Release|Any CPU.Build.0 = Release|Any CPU
		{ABF2DCF4-2CCD-4DCC-9486-2BFBB0C34A33}.Release|x64.ActiveCfg = Release|Any CPU
		{ABF2DCF4-2CCD-4DCC-9486-2BFBB0C34A33}.Release|x64.Build.0 = Release|Any CPU
		{ABF2DCF4-2CCD-4DCC-9486-2BFBB0C34A33}.Release|x86.ActiveCfg = Release|Any CPU
		{ABF2DCF4-2CCD-4DCC-9486-2BFBB0C34A33}.Release|x86.Build.0 = Release|Any CPU
		{3B2856EE-C527-4B2D-A3A7-714134A27A83}.Debug|Any CPU.ActiveCfg = Debug|Any CPU
		{3B2856EE-C527-4B2D-A3A7-714134A27A83}.Debug|Any CPU.Build.0 = Debug|Any CPU
		{3B2856EE-C527-4B2D-A3A7-714134A27A83}.Debug|x64.ActiveCfg = Debug|Any CPU
		{3B2856EE-C527-4B2D-A3A7-714134A27A83}.Debug|x64.Build.0 = Debug|Any CPU
		{3B2856EE-C527-4B2D-A3A7-714134A27A83}.Debug|x86.ActiveCfg = Debug|Any CPU
		{3B2856EE-C527-4B2D-A3A7-714134A27A83}.Debug|x86.Build.0 = Debug|Any CPU
		{3B2856EE-C527-4B2D-A3A7-714134A27A83}.Release|Any CPU.ActiveCfg = Release|Any CPU
		{3B2856EE-C527-4B2D-A3A7-714134A27A83}.Release|Any CPU.Build.0 = Release|Any CPU
		{3B2856EE-C527-4B2D-A3A7-714134A27A83}.Release|x64.ActiveCfg = Release|Any CPU
		{3B2856EE-C527-4B2D-A3A7-714134A27A83}.Release|x64.Build.0 = Release|Any CPU
		{3B2856EE-C527-4B2D-A3A7-714134A27A83}.Release|x86.ActiveCfg = Release|Any CPU
		{3B2856EE-C527-4B2D-A3A7-714134A27A83}.Release|x86.Build.0 = Release|Any CPU
		{676F90AA-76C1-4C43-B9AA-3E529C8C1299}.Debug|Any CPU.ActiveCfg = Debug|Any CPU
		{676F90AA-76C1-4C43-B9AA-3E529C8C1299}.Debug|Any CPU.Build.0 = Debug|Any CPU
		{676F90AA-76C1-4C43-B9AA-3E529C8C1299}.Debug|x64.ActiveCfg = Debug|Any CPU
		{676F90AA-76C1-4C43-B9AA-3E529C8C1299}.Debug|x64.Build.0 = Debug|Any CPU
		{676F90AA-76C1-4C43-B9AA-3E529C8C1299}.Debug|x86.ActiveCfg = Debug|Any CPU
		{676F90AA-76C1-4C43-B9AA-3E529C8C1299}.Debug|x86.Build.0 = Debug|Any CPU
		{676F90AA-76C1-4C43-B9AA-3E529C8C1299}.Release|Any CPU.ActiveCfg = Release|Any CPU
		{676F90AA-76C1-4C43-B9AA-3E529C8C1299}.Release|Any CPU.Build.0 = Release|Any CPU
		{676F90AA-76C1-4C43-B9AA-3E529C8C1299}.Release|x64.ActiveCfg = Release|Any CPU
		{676F90AA-76C1-4C43-B9AA-3E529C8C1299}.Release|x64.Build.0 = Release|Any CPU
		{676F90AA-76C1-4C43-B9AA-3E529C8C1299}.Release|x86.ActiveCfg = Release|Any CPU
		{676F90AA-76C1-4C43-B9AA-3E529C8C1299}.Release|x86.Build.0 = Release|Any CPU
		{D9B47B42-FB18-4258-B7C6-CAB4101036FE}.Debug|Any CPU.ActiveCfg = Debug|Any CPU
		{D9B47B42-FB18-4258-B7C6-CAB4101036FE}.Debug|Any CPU.Build.0 = Debug|Any CPU
		{D9B47B42-FB18-4258-B7C6-CAB4101036FE}.Debug|x64.ActiveCfg = Debug|Any CPU
		{D9B47B42-FB18-4258-B7C6-CAB4101036FE}.Debug|x64.Build.0 = Debug|Any CPU
		{D9B47B42-FB18-4258-B7C6-CAB4101036FE}.Debug|x86.ActiveCfg = Debug|Any CPU
		{D9B47B42-FB18-4258-B7C6-CAB4101036FE}.Debug|x86.Build.0 = Debug|Any CPU
		{D9B47B42-FB18-4258-B7C6-CAB4101036FE}.Release|Any CPU.ActiveCfg = Release|Any CPU
		{D9B47B42-FB18-4258-B7C6-CAB4101036FE}.Release|Any CPU.Build.0 = Release|Any CPU
		{D9B47B42-FB18-4258-B7C6-CAB4101036FE}.Release|x64.ActiveCfg = Release|Any CPU
		{D9B47B42-FB18-4258-B7C6-CAB4101036FE}.Release|x64.Build.0 = Release|Any CPU
		{D9B47B42-FB18-4258-B7C6-CAB4101036FE}.Release|x86.ActiveCfg = Release|Any CPU
		{D9B47B42-FB18-4258-B7C6-CAB4101036FE}.Release|x86.Build.0 = Release|Any CPU
		{33343D6D-D1B5-4924-85DA-18D86A6BAECC}.Debug|Any CPU.ActiveCfg = Debug|Any CPU
		{33343D6D-D1B5-4924-85DA-18D86A6BAECC}.Debug|Any CPU.Build.0 = Debug|Any CPU
		{33343D6D-D1B5-4924-85DA-18D86A6BAECC}.Debug|x64.ActiveCfg = Debug|Any CPU
		{33343D6D-D1B5-4924-85DA-18D86A6BAECC}.Debug|x64.Build.0 = Debug|Any CPU
		{33343D6D-D1B5-4924-85DA-18D86A6BAECC}.Debug|x86.ActiveCfg = Debug|Any CPU
		{33343D6D-D1B5-4924-85DA-18D86A6BAECC}.Debug|x86.Build.0 = Debug|Any CPU
		{33343D6D-D1B5-4924-85DA-18D86A6BAECC}.Release|Any CPU.ActiveCfg = Release|Any CPU
		{33343D6D-D1B5-4924-85DA-18D86A6BAECC}.Release|Any CPU.Build.0 = Release|Any CPU
		{33343D6D-D1B5-4924-85DA-18D86A6BAECC}.Release|x64.ActiveCfg = Release|Any CPU
		{33343D6D-D1B5-4924-85DA-18D86A6BAECC}.Release|x64.Build.0 = Release|Any CPU
		{33343D6D-D1B5-4924-85DA-18D86A6BAECC}.Release|x86.ActiveCfg = Release|Any CPU
		{33343D6D-D1B5-4924-85DA-18D86A6BAECC}.Release|x86.Build.0 = Release|Any CPU
		{CBD88630-4F73-4114-BFA8-51357A32B7CA}.Debug|Any CPU.ActiveCfg = Debug|Any CPU
		{CBD88630-4F73-4114-BFA8-51357A32B7CA}.Debug|Any CPU.Build.0 = Debug|Any CPU
		{CBD88630-4F73-4114-BFA8-51357A32B7CA}.Debug|x64.ActiveCfg = Debug|Any CPU
		{CBD88630-4F73-4114-BFA8-51357A32B7CA}.Debug|x64.Build.0 = Debug|Any CPU
		{CBD88630-4F73-4114-BFA8-51357A32B7CA}.Debug|x86.ActiveCfg = Debug|Any CPU
		{CBD88630-4F73-4114-BFA8-51357A32B7CA}.Debug|x86.Build.0 = Debug|Any CPU
		{CBD88630-4F73-4114-BFA8-51357A32B7CA}.Release|Any CPU.ActiveCfg = Release|Any CPU
		{CBD88630-4F73-4114-BFA8-51357A32B7CA}.Release|Any CPU.Build.0 = Release|Any CPU
		{CBD88630-4F73-4114-BFA8-51357A32B7CA}.Release|x64.ActiveCfg = Release|Any CPU
		{CBD88630-4F73-4114-BFA8-51357A32B7CA}.Release|x64.Build.0 = Release|Any CPU
		{CBD88630-4F73-4114-BFA8-51357A32B7CA}.Release|x86.ActiveCfg = Release|Any CPU
		{CBD88630-4F73-4114-BFA8-51357A32B7CA}.Release|x86.Build.0 = Release|Any CPU
	EndGlobalSection
	GlobalSection(SolutionProperties) = preSolution
		HideSolutionNode = FALSE
	EndGlobalSection
	GlobalSection(NestedProjects) = preSolution
		{81BD60D5-0A12-40A5-8F74-2B76CA542BF0} = {9A5CA96E-4812-45C8-8567-4E6E7727483C}
		{2F37E804-1093-4452-BEC1-5233CA3C23E7} = {9A5CA96E-4812-45C8-8567-4E6E7727483C}
		{ABC2057A-1912-4AAF-9851-E945F20E0E64} = {9A5CA96E-4812-45C8-8567-4E6E7727483C}
		{98C40893-4E4E-429C-81C1-C63775B716D2} = {9A5CA96E-4812-45C8-8567-4E6E7727483C}
		{055C02A4-C084-42FB-A544-CC209E9127D3} = {9A5CA96E-4812-45C8-8567-4E6E7727483C}
		{BD279129-723D-4739-AD35-2797E0038B34} = {9A5CA96E-4812-45C8-8567-4E6E7727483C}
		{C5BFA51F-7F0B-47F5-8D55-50BE983AA66A} = {9A5CA96E-4812-45C8-8567-4E6E7727483C}
		{DFE750A6-6549-4721-8BCF-ED25A9C9E169} = {9A5CA96E-4812-45C8-8567-4E6E7727483C}
		{EA9E1B01-8A72-42E6-9D8C-D5661ABC766A} = {9A5CA96E-4812-45C8-8567-4E6E7727483C}
		{6A93A5BE-1BE0-437B-BADE-F9346B65D4CF} = {9A5CA96E-4812-45C8-8567-4E6E7727483C}
		{40CB424F-1AF2-4FB9-94A0-7CA8439179EF} = {9A5CA96E-4812-45C8-8567-4E6E7727483C}
		{28900C09-F52E-4354-BCAB-B4672CA5D837} = {9A5CA96E-4812-45C8-8567-4E6E7727483C}
		{8EE1E09D-78A7-4A0C-8E04-81340AC9744E} = {9A5CA96E-4812-45C8-8567-4E6E7727483C}
		{7AF6F6C8-F08F-466D-BAC9-A1457A05455C} = {9A5CA96E-4812-45C8-8567-4E6E7727483C}
		{28AF70F8-3C70-4C10-8D82-D7AE0D3A33FD} = {9A5CA96E-4812-45C8-8567-4E6E7727483C}
		{AAD56CF1-C0A5-47AB-B928-5A7ED05B78EF} = {9A5CA96E-4812-45C8-8567-4E6E7727483C}
		{BB22E355-0035-4A35-9FB4-6E816815A307} = {9A5CA96E-4812-45C8-8567-4E6E7727483C}
		{A0204DCA-DE05-4324-A6BD-812262C5AEA2} = {9A5CA96E-4812-45C8-8567-4E6E7727483C}
		{E9336EA2-2BC9-4827-865F-798077868D28} = {9A5CA96E-4812-45C8-8567-4E6E7727483C}
		{CD0A9FCF-5190-42C4-83EE-0BC48484C2FE} = {9A5CA96E-4812-45C8-8567-4E6E7727483C}
		{B12D8337-3171-4085-99F5-419E016EE283} = {9A5CA96E-4812-45C8-8567-4E6E7727483C}
		{708CC02E-6BDF-4767-BE19-6889AD10317F} = {9A5CA96E-4812-45C8-8567-4E6E7727483C}
		{4BB7B0F2-76EF-430A-90E1-2C3BE0ABB9B5} = {9A5CA96E-4812-45C8-8567-4E6E7727483C}
		{228EAE1D-5DF0-4E0D-A3B0-600E10FD5F62} = {9A5CA96E-4812-45C8-8567-4E6E7727483C}
		{25ED4376-6659-47F0-B4CE-D6EFEE554FA4} = {9A5CA96E-4812-45C8-8567-4E6E7727483C}
		{D5A84FB7-B4DB-4EBD-A49C-715818DAE48E} = {9A5CA96E-4812-45C8-8567-4E6E7727483C}
		{BB9C9260-462A-4767-AF4B-0D6877D910CC} = {9A5CA96E-4812-45C8-8567-4E6E7727483C}
		{F9D7AB63-E57D-4925-9C68-2A6C43811032} = {9A5CA96E-4812-45C8-8567-4E6E7727483C}
		{37460B46-029E-4CCB-9F13-F2B39932EFE1} = {9A5CA96E-4812-45C8-8567-4E6E7727483C}
		{F80AC33C-F82C-4055-B673-06B1A1B6130D} = {9A5CA96E-4812-45C8-8567-4E6E7727483C}
		{964CAC62-15EB-4C92-8D70-58E152422DFE} = {9A5CA96E-4812-45C8-8567-4E6E7727483C}
		{740A496A-8346-4BE9-8B7D-135A3D43158C} = {9A5CA96E-4812-45C8-8567-4E6E7727483C}
		{09E95973-97E7-4CF0-8C33-0550D5781565} = {9A5CA96E-4812-45C8-8567-4E6E7727483C}
		{18E895E9-6D60-4ED8-BBF1-0C25ABCCACF4} = {9A5CA96E-4812-45C8-8567-4E6E7727483C}
		{2EC4DD0C-6409-4F1F-9337-1FB99D54F054} = {9A5CA96E-4812-45C8-8567-4E6E7727483C}
		{C719D15D-3DEE-442D-96C4-66379B8CF4FA} = {9A5CA96E-4812-45C8-8567-4E6E7727483C}
		{AC1F043D-C834-4205-A185-85A1D3B1C6A6} = {9A5CA96E-4812-45C8-8567-4E6E7727483C}
		{CF93E77C-65F3-40C4-9034-5F6E524BE5BC} = {9A5CA96E-4812-45C8-8567-4E6E7727483C}
		{14401C82-D574-4081-9402-D2D6221B4225} = {9A5CA96E-4812-45C8-8567-4E6E7727483C}
		{1EE7E2F3-CC2A-4ED1-9006-6001F01D1615} = {9A5CA96E-4812-45C8-8567-4E6E7727483C}
		{8D98EF4F-9FB7-400E-B5A8-01BB9BB72AE2} = {9A5CA96E-4812-45C8-8567-4E6E7727483C}
		{355D05D5-CFFD-4ECF-94DB-7AEDFA5078DD} = {9A5CA96E-4812-45C8-8567-4E6E7727483C}
		{B27C7156-0794-473E-9EEA-C79DD72D7A36} = {9A5CA96E-4812-45C8-8567-4E6E7727483C}
		{8F344BA4-521A-4165-85DA-BFE050848470} = {9A5CA96E-4812-45C8-8567-4E6E7727483C}
		{80C6EE41-8AEC-4681-9E3C-053356C95F1E} = {9A5CA96E-4812-45C8-8567-4E6E7727483C}
		{86B70B8A-A777-47D3-9CC5-F8E0D256C104} = {9A5CA96E-4812-45C8-8567-4E6E7727483C}
		{77890A87-9556-4DE0-8F1C-6C40E6C92747} = {9A5CA96E-4812-45C8-8567-4E6E7727483C}
		{9D57917D-6075-43E4-AB4F-A0292F42A740} = {9A5CA96E-4812-45C8-8567-4E6E7727483C}
		{B438CE5C-1AC8-4210-968E-FF507991DA09} = {9A5CA96E-4812-45C8-8567-4E6E7727483C}
		{BB1A22FF-C62D-4045-9C3C-0E8BA0E822AC} = {9A5CA96E-4812-45C8-8567-4E6E7727483C}
		{48C2D441-004B-4F2A-99CB-279BC4A2969D} = {9A5CA96E-4812-45C8-8567-4E6E7727483C}
		{B1678CD1-9AF9-4476-9367-29901D0C730D} = {9A5CA96E-4812-45C8-8567-4E6E7727483C}
		{86BCA213-2F56-45F1-8F6F-0C91CBD80CB9} = {9A5CA96E-4812-45C8-8567-4E6E7727483C}
		{CFD54319-A96B-45EA-9E3A-A3E47B706DD1} = {9A5CA96E-4812-45C8-8567-4E6E7727483C}
		{56B0F4FC-7120-4451-B8C5-22F1D0F61E95} = {9A5CA96E-4812-45C8-8567-4E6E7727483C}
		{4E30F083-DBA8-4E9B-9FAF-99EFF0755C73} = {9A5CA96E-4812-45C8-8567-4E6E7727483C}
		{10CFF7F7-9492-450C-A4A1-75A4CBC50034} = {9A5CA96E-4812-45C8-8567-4E6E7727483C}
		{D5549B35-EB37-4F5D-BC17-526C205025E7} = {9A5CA96E-4812-45C8-8567-4E6E7727483C}
		{E6E8C7B3-BB8C-446C-8EF8-C2A2FCA13375} = {9A5CA96E-4812-45C8-8567-4E6E7727483C}
		{ABF2DCF4-2CCD-4DCC-9486-2BFBB0C34A33} = {9A5CA96E-4812-45C8-8567-4E6E7727483C}
		{3B2856EE-C527-4B2D-A3A7-714134A27A83} = {9A5CA96E-4812-45C8-8567-4E6E7727483C}
		{676F90AA-76C1-4C43-B9AA-3E529C8C1299} = {9A5CA96E-4812-45C8-8567-4E6E7727483C}
		{D9B47B42-FB18-4258-B7C6-CAB4101036FE} = {9A5CA96E-4812-45C8-8567-4E6E7727483C}
		{33343D6D-D1B5-4924-85DA-18D86A6BAECC} = {9A5CA96E-4812-45C8-8567-4E6E7727483C}
		{CBD88630-4F73-4114-BFA8-51357A32B7CA} = {9A5CA96E-4812-45C8-8567-4E6E7727483C}
	EndGlobalSection
	GlobalSection(ExtensibilityGlobals) = postSolution
		SolutionGuid = {1AB3307E-CD95-48B9-9184-F50E171C348B}
	EndGlobalSection
EndGlobal
